// !$*UTF8*$!
{
	archiveVersion = 1;
	classes = {
	};
	objectVersion = 39;
	objects = {
		080E96DDFE201D6D7F000001 = {
			children = (
				8B6710AF080C9BE00084EE5A,
				8B6710B0080C9BE00084EE5A,
				8B7E6DA5080B419500DD5466,
				8B7E6DA6080B419500DD5466,
				8B3E9C2D080B0FE5009D39C6,
				8B3E9C2E080B0FE5009D39C6,
				8B6A96F10807ABD10085334A,
				8B6A96F20807ABD10085334A,
				8BFDA9740805C0980097504B,
				8BFDA9750805C0980097504B,
				8BC8F96507F211F900C66290,
				8BC8F96607F211F900C66290,
				8B3CB1A207EA82CE0086353C,
				8B3CB1A307EA82CE0086353C,
				8BA124AC07D2816300614FF4,
				8BA124AD07D2816300614FF4,
				8BF72A8707B9D14C003A3C82,
				8BF72A8807B9D14C003A3C82,
				8B5D5E2907B8215E00957950,
				8B5D5E2A07B8215E00957950,
				8B4A5A8F07B74EDC00F30E03,
				8B4A5A9007B74EDC00F30E03,
				8B4A5A9107B74EDC00F30E03,
				8B4A5A9207B74EDC00F30E03,
				8B7C0C3A07B5FEB4005DB6FF,
				8B7C0C3B07B5FEB5005DB6FF,
				8B6FD33207B30B0F003F0000,
				8B6FD33307B30B0F003F0000,
				8B6FCF9807B1E200003F0000,
				8B6FCF9907B1E200003F0000,
				8BE97E2307ACD46B005D384C,
				8BE97E2407ACD46B005D384C,
				8B6D01C007CB2EA2009A76DA,
				8B6D01C107CB2EA2009A76DA,
				8BD011D807A99DFB00AA4BAA,
				8BD011D907A99DFB00AA4BAA,
				8B56209B07CEA204005990E1,
				8B56209C07CEA204005990E1,
			);
			isa = PBXGroup;
			name = "Main Program Classes";
			refType = 4;
			sourceTree = "<group>";
		};
		089C165CFE840E0CC02AAC07 = {
			children = (
				089C165DFE840E0CC02AAC07,
			);
			isa = PBXVariantGroup;
			name = InfoPlist.strings;
			refType = 4;
			sourceTree = "<group>";
		};
		089C165DFE840E0CC02AAC07 = {
			fileEncoding = 10;
			isa = PBXFileReference;
			lastKnownFileType = text.plist.strings;
			name = English;
			path = English.lproj/InfoPlist.strings;
			refType = 4;
			sourceTree = "<group>";
		};
//080
//081
//082
//083
//084
//100
//101
//102
//103
//104
		1058C7A0FEA54F0111CA2CBB = {
			children = (
				8B5EB13407CD254F00B43D06,
				1058C7A1FEA54F0111CA2CBB,
			);
			isa = PBXGroup;
			name = "Linked Frameworks";
			refType = 4;
			sourceTree = "<group>";
		};
		1058C7A1FEA54F0111CA2CBB = {
			isa = PBXFileReference;
			lastKnownFileType = wrapper.framework;
			name = Cocoa.framework;
			path = /System/Library/Frameworks/Cocoa.framework;
			refType = 0;
			sourceTree = "<absolute>";
		};
		1058C7A2FEA54F0111CA2CBB = {
			children = (
				29B97325FDCFA39411CA2CEA,
				29B97324FDCFA39411CA2CEA,
			);
			isa = PBXGroup;
			name = "Other Frameworks";
			refType = 4;
			sourceTree = "<group>";
		};
//100
//101
//102
//103
//104
//190
//191
//192
//193
//194
		19C28FACFE9D520D11CA2CBB = {
			children = (
				8D1107320486CEB800E47090,
				8B6D01F807CB327E009A76DA,
				8BAF0F3E07CE6DAA00B0C832,
				8B5620BF07CEA5A5005990E1,
				8BA1243507D26EC700614FF4,
				8BEA491707D7A73E001ADD2E,
				8B8363A307E0E88E00F3C880,
				8BC8F94807F2102000C66290,
				8B4FDB5A0807174C0016CABC,
			);
			isa = PBXGroup;
			name = Products;
			refType = 4;
			sourceTree = "<group>";
		};
//190
//191
//192
//193
//194
//290
//291
//292
//293
//294
		29B97313FDCFA39411CA2CEA = {
			buildSettings = {
			};
			buildStyles = (
				4A9504CCFFE6A4B311CA0CBA,
				4A9504CDFFE6A4B311CA0CBA,
			);
			hasScannedForEncodings = 1;
			isa = PBXProject;
			mainGroup = 29B97314FDCFA39411CA2CEA;
			projectDirPath = "";
			targets = (
				8B4FDB590807174C0016CABC,
				8BC8F94707F2102000C66290,
				8B8363A207E0E88E00F3C880,
				8BEA491607D7A73E001ADD2E,
				8B5620BE07CEA5A5005990E1,
				8BA1243407D26EC700614FF4,
				8BAF0F3D07CE6DAA00B0C832,
				8B6D01F707CB327E009A76DA,
				8D1107260486CEB800E47090,
			);
		};
		29B97314FDCFA39411CA2CEA = {
			children = (
				8B6D010807CB178F009A76DA,
				8B2DF9F408137AD700A903A7,
				080E96DDFE201D6D7F000001,
				29B97315FDCFA39411CA2CEA,
				29B97317FDCFA39411CA2CEA,
				29B97323FDCFA39411CA2CEA,
				19C28FACFE9D520D11CA2CBB,
			);
			isa = PBXGroup;
			name = VitaminSEE;
			path = "";
			refType = 4;
			sourceTree = "<group>";
		};
		29B97315FDCFA39411CA2CEA = {
			children = (
				8BA098D80805C86B001FB2FD,
				8BFA0B4C07DAF79C004F72AA,
				8B6D011607CB190B009A76DA,
				8B6D01C807CB2EB3009A76DA,
				32CA4F630368D1EE00C91783,
				29B97316FDCFA39411CA2CEA,
			);
			isa = PBXGroup;
			name = "Other Sources";
			path = "";
			refType = 4;
			sourceTree = "<group>";
		};
		29B97316FDCFA39411CA2CEA = {
			fileEncoding = 4;
			isa = PBXFileReference;
			lastKnownFileType = sourcecode.c.objc;
			path = main.m;
			refType = 4;
			sourceTree = "<group>";
		};
		29B97317FDCFA39411CA2CEA = {
			children = (
				8B7E6D9B080B40EC00DD5466,
				8B7E6D9C080B40EC00DD5466,
				8B6A9177080784F40085334A,
				8B5279390801D48E0032F515,
				8BB7F55C07F0B9B200668047,
				8B6B0AA40804F50F007655EB,
				8BBC35E907E222BF007C3B6B,
				8BBC35D607E221D4007C3B6B,
				8BBC34B907E13E52007C3B6B,
				8B7BD1E107DFB7A80050FB25,
				8B32703907E137A400FBD945,
				8B32703A07E137A400FBD945,
				8B32703B07E137A400FBD945,
				8B32703C07E137A400FBD945,
				8BAD1DAF07DE8F9E000CBEA0,
				8D1107310486CEB800E47090,
				089C165CFE840E0CC02AAC07,
				29B97318FDCFA39411CA2CEA,
			);
			isa = PBXGroup;
			name = Resources;
			path = "";
			refType = 4;
			sourceTree = "<group>";
		};
		29B97318FDCFA39411CA2CEA = {
			children = (
				29B97319FDCFA39411CA2CEA,
			);
			isa = PBXVariantGroup;
			name = MainMenu.nib;
			path = "";
			refType = 4;
			sourceTree = "<group>";
		};
		29B97319FDCFA39411CA2CEA = {
			isa = PBXFileReference;
			lastKnownFileType = wrapper.nib;
			name = English;
			path = English.lproj/MainMenu.nib;
			refType = 4;
			sourceTree = "<group>";
		};
		29B97323FDCFA39411CA2CEA = {
			children = (
				1058C7A0FEA54F0111CA2CBB,
				1058C7A2FEA54F0111CA2CBB,
			);
			isa = PBXGroup;
			name = Frameworks;
			path = "";
			refType = 4;
			sourceTree = "<group>";
		};
		29B97324FDCFA39411CA2CEA = {
			isa = PBXFileReference;
			lastKnownFileType = wrapper.framework;
			name = AppKit.framework;
			path = /System/Library/Frameworks/AppKit.framework;
			refType = 0;
			sourceTree = "<absolute>";
		};
		29B97325FDCFA39411CA2CEA = {
			isa = PBXFileReference;
			lastKnownFileType = wrapper.framework;
			name = Foundation.framework;
			path = /System/Library/Frameworks/Foundation.framework;
			refType = 0;
			sourceTree = "<absolute>";
		};
//290
//291
//292
//293
//294
//320
//321
//322
//323
//324
		32CA4F630368D1EE00C91783 = {
			fileEncoding = 4;
			isa = PBXFileReference;
			lastKnownFileType = sourcecode.c.h;
			path = VitaminSEE_Prefix.pch;
			refType = 4;
			sourceTree = "<group>";
		};
//320
//321
//322
//323
//324
//4A0
//4A1
//4A2
//4A3
//4A4
		4A9504CCFFE6A4B311CA0CBA = {
			buildSettings = {
				COPY_PHASE_STRIP = NO;
				GCC_DYNAMIC_NO_PIC = NO;
				GCC_ENABLE_FIX_AND_CONTINUE = YES;
				GCC_GENERATE_DEBUGGING_SYMBOLS = YES;
				GCC_OPTIMIZATION_LEVEL = 0;
				ZERO_LINK = YES;
			};
			isa = PBXBuildStyle;
			name = Development;
		};
		4A9504CDFFE6A4B311CA0CBA = {
			buildSettings = {
				COPY_PHASE_STRIP = YES;
				GCC_ENABLE_FIX_AND_CONTINUE = NO;
				ZERO_LINK = NO;
			};
			isa = PBXBuildStyle;
			name = Deployment;
		};
//4A0
//4A1
//4A2
//4A3
//4A4
//8B0
//8B1
//8B2
//8B3
//8B4
		8B2DF9F408137AD700A903A7 = {
			children = (
				8B3E9CA9080B154C009D39C6,
				8B3E9CAA080B154C009D39C6,
				8B6D015407CB23A0009A76DA,
				8B6D015507CB23A0009A76DA,
			);
			isa = PBXGroup;
			name = "Value Transformers";
			path = "";
			refType = 4;
			sourceTree = "<group>";
		};
		8B32703907E137A400FBD945 = {
			isa = PBXFileReference;
			lastKnownFileType = image.tiff;
			name = ZoomToFitToolbarImage.tiff;
			path = Resources/ZoomToFitToolbarImage.tiff;
			refType = 4;
			sourceTree = "<group>";
		};
		8B32703A07E137A400FBD945 = {
			isa = PBXFileReference;
			lastKnownFileType = image.tiff;
			name = ZoomOutToolbarImage.tiff;
			path = Resources/ZoomOutToolbarImage.tiff;
			refType = 4;
			sourceTree = "<group>";
		};
		8B32703B07E137A400FBD945 = {
			isa = PBXFileReference;
			lastKnownFileType = image.tiff;
			name = ZoomInToolbarImage.tiff;
			path = Resources/ZoomInToolbarImage.tiff;
			refType = 4;
			sourceTree = "<group>";
		};
		8B32703C07E137A400FBD945 = {
			isa = PBXFileReference;
			lastKnownFileType = image.tiff;
			name = ActualSizeToolbarImage.tiff;
			path = Resources/ActualSizeToolbarImage.tiff;
			refType = 4;
			sourceTree = "<group>";
		};
		8B32703D07E137A400FBD945 = {
			fileRef = 8B32703907E137A400FBD945;
			isa = PBXBuildFile;
			settings = {
			};
		};
		8B32703E07E137A400FBD945 = {
			fileRef = 8B32703A07E137A400FBD945;
			isa = PBXBuildFile;
			settings = {
			};
		};
		8B32703F07E137A400FBD945 = {
			fileRef = 8B32703B07E137A400FBD945;
			isa = PBXBuildFile;
			settings = {
			};
		};
		8B32704007E137A400FBD945 = {
			fileRef = 8B32703C07E137A400FBD945;
			isa = PBXBuildFile;
			settings = {
			};
		};
		8B3CB1A207EA82CE0086353C = {
			fileEncoding = 30;
			isa = PBXFileReference;
			lastKnownFileType = sourcecode.c.h;
			path = ThumbnailManager.h;
			refType = 4;
			sourceTree = "<group>";
		};
		8B3CB1A307EA82CE0086353C = {
			fileEncoding = 30;
			isa = PBXFileReference;
			lastKnownFileType = sourcecode.c.objc;
			path = ThumbnailManager.m;
			refType = 4;
			sourceTree = "<group>";
		};
		8B3CB1A507EA82CE0086353C = {
			fileRef = 8B3CB1A307EA82CE0086353C;
			isa = PBXBuildFile;
			settings = {
			};
		};
		8B3E9C2D080B0FE5009D39C6 = {
			fileEncoding = 4;
			isa = PBXFileReference;
			lastKnownFileType = sourcecode.c.h;
			path = FavoritesMenuDelegate.h;
			refType = 4;
			sourceTree = "<group>";
		};
		8B3E9C2E080B0FE5009D39C6 = {
			fileEncoding = 4;
			isa = PBXFileReference;
			lastKnownFileType = sourcecode.c.objc;
			path = FavoritesMenuDelegate.m;
			refType = 4;
			sourceTree = "<group>";
		};
		8B3E9C30080B0FE5009D39C6 = {
			fileRef = 8B3E9C2E080B0FE5009D39C6;
			isa = PBXBuildFile;
			settings = {
			};
		};
		8B3E9CA9080B154C009D39C6 = {
			fileEncoding = 4;
			isa = PBXFileReference;
			lastKnownFileType = sourcecode.c.h;
			path = PathExistsValueTransformer.h;
			refType = 4;
			sourceTree = "<group>";
		};
		8B3E9CAA080B154C009D39C6 = {
			fileEncoding = 4;
			isa = PBXFileReference;
			lastKnownFileType = sourcecode.c.objc;
			path = PathExistsValueTransformer.m;
			refType = 4;
			sourceTree = "<group>";
		};
		8B3E9CAC080B154C009D39C6 = {
			fileRef = 8B3E9CAA080B154C009D39C6;
			isa = PBXBuildFile;
			settings = {
			};
		};
		8B443AF907D7E0AB00C4D8E9 = {
			fileEncoding = 4;
			isa = PBXFileReference;
			lastKnownFileType = sourcecode.c.h;
			name = ImageMetadata.h;
			path = Components/ImageMetadata/ImageMetadata.h;
			refType = 4;
			sourceTree = "<group>";
		};
		8B443AFA07D7E0AB00C4D8E9 = {
			fileEncoding = 4;
			isa = PBXFileReference;
			lastKnownFileType = sourcecode.cpp.objcpp;
			name = ImageMetadata.mm;
			path = Components/ImageMetadata/ImageMetadata.mm;
			refType = 4;
			sourceTree = "<group>";
		};
		8B4A46F007EA2C4700C1D2A0 = {
			fileEncoding = 30;
			isa = PBXFileReference;
			lastKnownFileType = sourcecode.cpp.cpp;
			name = canonmn.cpp;
			path = Components/ImageMetadata/Exiv2/canonmn.cpp;
			refType = 4;
			sourceTree = "<group>";
		};
		8B4A46F107EA2C4700C1D2A0 = {
			fileEncoding = 30;
			isa = PBXFileReference;
			lastKnownFileType = sourcecode.cpp.h;
			name = canonmn.hpp;
			path = Components/ImageMetadata/Exiv2/canonmn.hpp;
			refType = 4;
			sourceTree = "<group>";
		};
		8B4A46F207EA2C4700C1D2A0 = {
			fileEncoding = 30;
			isa = PBXFileReference;
			lastKnownFileType = sourcecode.cpp.cpp;
			name = datasets.cpp;
			path = Components/ImageMetadata/Exiv2/datasets.cpp;
			refType = 4;
			sourceTree = "<group>";
		};
		8B4A46F307EA2C4700C1D2A0 = {
			fileEncoding = 30;
			isa = PBXFileReference;
			lastKnownFileType = sourcecode.cpp.h;
			name = datasets.hpp;
			path = Components/ImageMetadata/Exiv2/datasets.hpp;
			refType = 4;
			sourceTree = "<group>";
		};
		8B4A46F407EA2C4700C1D2A0 = {
			fileEncoding = 30;
			isa = PBXFileReference;
			lastKnownFileType = sourcecode.cpp.h;
			name = error.hpp;
			path = Components/ImageMetadata/Exiv2/error.hpp;
			refType = 4;
			sourceTree = "<group>";
		};
		8B4A46F507EA2C4700C1D2A0 = {
			fileEncoding = 30;
			isa = PBXFileReference;
			lastKnownFileType = sourcecode.cpp.cpp;
			name = exif.cpp;
			path = Components/ImageMetadata/Exiv2/exif.cpp;
			refType = 4;
			sourceTree = "<group>";
		};
		8B4A46F607EA2C4700C1D2A0 = {
			fileEncoding = 30;
			isa = PBXFileReference;
			lastKnownFileType = sourcecode.cpp.h;
			name = exif.hpp;
			path = Components/ImageMetadata/Exiv2/exif.hpp;
			refType = 4;
			sourceTree = "<group>";
		};
		8B4A46F707EA2C4700C1D2A0 = {
			fileEncoding = 30;
			isa = PBXFileReference;
			lastKnownFileType = sourcecode.cpp.cpp;
			name = fujimn.cpp;
			path = Components/ImageMetadata/Exiv2/fujimn.cpp;
			refType = 4;
			sourceTree = "<group>";
		};
		8B4A46F807EA2C4700C1D2A0 = {
			fileEncoding = 30;
			isa = PBXFileReference;
			lastKnownFileType = sourcecode.cpp.h;
			name = fujimn.hpp;
			path = Components/ImageMetadata/Exiv2/fujimn.hpp;
			refType = 4;
			sourceTree = "<group>";
		};
		8B4A46F907EA2C4700C1D2A0 = {
			fileEncoding = 30;
			isa = PBXFileReference;
			lastKnownFileType = sourcecode.cpp.cpp;
			name = ifd.cpp;
			path = Components/ImageMetadata/Exiv2/ifd.cpp;
			refType = 4;
			sourceTree = "<group>";
		};
		8B4A46FA07EA2C4700C1D2A0 = {
			fileEncoding = 30;
			isa = PBXFileReference;
			lastKnownFileType = sourcecode.cpp.h;
			name = ifd.hpp;
			path = Components/ImageMetadata/Exiv2/ifd.hpp;
			refType = 4;
			sourceTree = "<group>";
		};
		8B4A46FB07EA2C4700C1D2A0 = {
			fileEncoding = 30;
			isa = PBXFileReference;
			lastKnownFileType = sourcecode.cpp.cpp;
			name = image.cpp;
			path = Components/ImageMetadata/Exiv2/image.cpp;
			refType = 4;
			sourceTree = "<group>";
		};
		8B4A46FC07EA2C4700C1D2A0 = {
			fileEncoding = 30;
			isa = PBXFileReference;
			lastKnownFileType = sourcecode.cpp.h;
			name = image.hpp;
			path = Components/ImageMetadata/Exiv2/image.hpp;
			refType = 4;
			sourceTree = "<group>";
		};
		8B4A46FD07EA2C4700C1D2A0 = {
			fileEncoding = 30;
			isa = PBXFileReference;
			lastKnownFileType = sourcecode.cpp.cpp;
			name = iptc.cpp;
			path = Components/ImageMetadata/Exiv2/iptc.cpp;
			refType = 4;
			sourceTree = "<group>";
		};
		8B4A46FE07EA2C4700C1D2A0 = {
			fileEncoding = 30;
			isa = PBXFileReference;
			lastKnownFileType = sourcecode.cpp.h;
			name = iptc.hpp;
			path = Components/ImageMetadata/Exiv2/iptc.hpp;
			refType = 4;
			sourceTree = "<group>";
		};
		8B4A46FF07EA2C4700C1D2A0 = {
			fileEncoding = 30;
			isa = PBXFileReference;
			lastKnownFileType = sourcecode.cpp.cpp;
			name = makernote.cpp;
			path = Components/ImageMetadata/Exiv2/makernote.cpp;
			refType = 4;
			sourceTree = "<group>";
		};
		8B4A470007EA2C4700C1D2A0 = {
			fileEncoding = 30;
			isa = PBXFileReference;
			lastKnownFileType = sourcecode.cpp.h;
			name = makernote.hpp;
			path = Components/ImageMetadata/Exiv2/makernote.hpp;
			refType = 4;
			sourceTree = "<group>";
		};
		8B4A470107EA2C4700C1D2A0 = {
			fileEncoding = 30;
			isa = PBXFileReference;
			lastKnownFileType = sourcecode.cpp.cpp;
			name = metadatum.cpp;
			path = Components/ImageMetadata/Exiv2/metadatum.cpp;
			refType = 4;
			sourceTree = "<group>";
		};
		8B4A470207EA2C4700C1D2A0 = {
			fileEncoding = 30;
			isa = PBXFileReference;
			lastKnownFileType = sourcecode.cpp.h;
			name = metadatum.hpp;
			path = Components/ImageMetadata/Exiv2/metadatum.hpp;
			refType = 4;
			sourceTree = "<group>";
		};
		8B4A470307EA2C4700C1D2A0 = {
			fileEncoding = 30;
			isa = PBXFileReference;
			lastKnownFileType = sourcecode.cpp.cpp;
			name = nikonmn.cpp;
			path = Components/ImageMetadata/Exiv2/nikonmn.cpp;
			refType = 4;
			sourceTree = "<group>";
		};
		8B4A470407EA2C4700C1D2A0 = {
			fileEncoding = 30;
			isa = PBXFileReference;
			lastKnownFileType = sourcecode.cpp.h;
			name = nikonmn.hpp;
			path = Components/ImageMetadata/Exiv2/nikonmn.hpp;
			refType = 4;
			sourceTree = "<group>";
		};
		8B4A470507EA2C4700C1D2A0 = {
			fileEncoding = 30;
			isa = PBXFileReference;
			lastKnownFileType = sourcecode.cpp.h;
			name = rcsid.hpp;
			path = Components/ImageMetadata/Exiv2/rcsid.hpp;
			refType = 4;
			sourceTree = "<group>";
		};
		8B4A470607EA2C4700C1D2A0 = {
			fileEncoding = 30;
			isa = PBXFileReference;
			lastKnownFileType = sourcecode.cpp.cpp;
			name = sigmamn.cpp;
			path = Components/ImageMetadata/Exiv2/sigmamn.cpp;
			refType = 4;
			sourceTree = "<group>";
		};
		8B4A470707EA2C4700C1D2A0 = {
			fileEncoding = 30;
			isa = PBXFileReference;
			lastKnownFileType = sourcecode.cpp.h;
			name = sigmamn.hpp;
			path = Components/ImageMetadata/Exiv2/sigmamn.hpp;
			refType = 4;
			sourceTree = "<group>";
		};
		8B4A470807EA2C4700C1D2A0 = {
			fileEncoding = 30;
			isa = PBXFileReference;
			lastKnownFileType = sourcecode.cpp.cpp;
			name = tags.cpp;
			path = Components/ImageMetadata/Exiv2/tags.cpp;
			refType = 4;
			sourceTree = "<group>";
		};
		8B4A470907EA2C4700C1D2A0 = {
			fileEncoding = 30;
			isa = PBXFileReference;
			lastKnownFileType = sourcecode.cpp.h;
			name = tags.hpp;
			path = Components/ImageMetadata/Exiv2/tags.hpp;
			refType = 4;
			sourceTree = "<group>";
		};
		8B4A470A07EA2C4700C1D2A0 = {
			fileEncoding = 30;
			isa = PBXFileReference;
			lastKnownFileType = sourcecode.cpp.cpp;
			name = types.cpp;
			path = Components/ImageMetadata/Exiv2/types.cpp;
			refType = 4;
			sourceTree = "<group>";
		};
		8B4A470B07EA2C4700C1D2A0 = {
			fileEncoding = 30;
			isa = PBXFileReference;
			lastKnownFileType = sourcecode.cpp.h;
			name = types.hpp;
			path = Components/ImageMetadata/Exiv2/types.hpp;
			refType = 4;
			sourceTree = "<group>";
		};
		8B4A470C07EA2C4700C1D2A0 = {
			fileEncoding = 30;
			isa = PBXFileReference;
			lastKnownFileType = sourcecode.cpp.cpp;
			name = value.cpp;
			path = Components/ImageMetadata/Exiv2/value.cpp;
			refType = 4;
			sourceTree = "<group>";
		};
		8B4A470D07EA2C4700C1D2A0 = {
			fileEncoding = 30;
			isa = PBXFileReference;
			lastKnownFileType = sourcecode.cpp.h;
			name = value.hpp;
			path = Components/ImageMetadata/Exiv2/value.hpp;
			refType = 4;
			sourceTree = "<group>";
		};
		8B4A5A8F07B74EDC00F30E03 = {
			fileEncoding = 30;
			isa = PBXFileReference;
			lastKnownFileType = sourcecode.c.h;
			path = IconFamily.h;
			refType = 4;
			sourceTree = "<group>";
		};
		8B4A5A9007B74EDC00F30E03 = {
			fileEncoding = 30;
			isa = PBXFileReference;
			lastKnownFileType = sourcecode.c.objc;
			path = IconFamily.m;
			refType = 4;
			sourceTree = "<group>";
		};
		8B4A5A9107B74EDC00F30E03 = {
			fileEncoding = 30;
			isa = PBXFileReference;
			lastKnownFileType = sourcecode.c.h;
			path = "NSString+CarbonFSSpecCreation.h";
			refType = 4;
			sourceTree = "<group>";
		};
		8B4A5A9207B74EDC00F30E03 = {
			fileEncoding = 30;
			isa = PBXFileReference;
			lastKnownFileType = sourcecode.c.objc;
			path = "NSString+CarbonFSSpecCreation.m";
			refType = 4;
			sourceTree = "<group>";
		};
		8B4A5A9407B74EDC00F30E03 = {
			fileRef = 8B4A5A9007B74EDC00F30E03;
			isa = PBXBuildFile;
			settings = {
			};
		};
		8B4A5A9607B74EDC00F30E03 = {
			fileRef = 8B4A5A9207B74EDC00F30E03;
			isa = PBXBuildFile;
			settings = {
			};
		};
		8B4FDA0A0807139D0016CABC = {
			fileRef = 1058C7A1FEA54F0111CA2CBB;
			isa = PBXBuildFile;
			settings = {
			};
		};
		8B4FDA11080713B00016CABC = {
			fileRef = 8BC8F94907F2102000C66290;
			isa = PBXBuildFile;
			settings = {
			};
		};
		8B4FDA12080713B90016CABC = {
			fileRef = 8B87411007BA9D9F00EF7923;
			isa = PBXBuildFile;
			settings = {
			};
		};
		8B4FDA13080713B90016CABC = {
			fileRef = 8BF72B0607B9E78F003A3C82;
			isa = PBXBuildFile;
			settings = {
			};
		};
		8B4FDB490807170F0016CABC = {
			fileRef = 8BC8F94807F2102000C66290;
			isa = PBXBuildFile;
			settings = {
			};
		};
		8B4FDB560807174C0016CABC = {
			buildActionMask = 2147483647;
			files = (
				8B4FDB5D080717700016CABC,
			);
			isa = PBXResourcesBuildPhase;
			runOnlyForDeploymentPostprocessing = 0;
		};
		8B4FDB570807174C0016CABC = {
			buildActionMask = 2147483647;
			files = (
				8B4FDB870807195A0016CABC,
				8B4FDB5F080717900016CABC,
				8B4FDB61080717900016CABC,
				8B4FDB64080717900016CABC,
				8B4FDB66080717900016CABC,
				8B4FDB68080717900016CABC,
				8B4FDB6A080717900016CABC,
				8B4FDB6C080717900016CABC,
				8B4FDB6E080717900016CABC,
				8B4FDB70080717900016CABC,
				8B4FDB72080717900016CABC,
				8B4FDB75080717900016CABC,
				8B4FDB77080717900016CABC,
				8B4FDB79080717900016CABC,
				8B4FDB7B080717900016CABC,
			);
			isa = PBXSourcesBuildPhase;
			runOnlyForDeploymentPostprocessing = 0;
		};
		8B4FDB580807174C0016CABC = {
			buildActionMask = 2147483647;
			files = (
			);
			isa = PBXFrameworksBuildPhase;
			runOnlyForDeploymentPostprocessing = 0;
		};
		8B4FDB590807174C0016CABC = {
			buildPhases = (
				8B4FDB560807174C0016CABC,
				8B4FDB570807174C0016CABC,
				8B4FDB580807174C0016CABC,
			);
			buildRules = (
			);
			buildSettings = {
				DEPLOYMENT_POSTPROCESSING = YES;
				GCC_PRECOMPILE_PREFIX_HEADER = NO;
				INFOPLIST_FILE = "ImageMetadata-Info.plist";
				INSTALL_PATH = "$(USER_LIBRARY_DIR)/Bundles";
				OTHER_CFLAGS = "";
				OTHER_LDFLAGS = "-framework Foundation -framework AppKit";
				OTHER_REZFLAGS = "";
				PRODUCT_NAME = ImageMetadata;
				SECTORDER_FLAGS = "";
				WARNING_CFLAGS = "-Wmost -Wno-four-char-constants -Wno-unknown-pragmas";
			};
			dependencies = (
			);
			isa = PBXNativeTarget;
			name = ImageMetadata;
			productName = Exiv2;
			productReference = 8B4FDB5A0807174C0016CABC;
			productSettingsXML = "<?xml version=\"1.0\" encoding=\"UTF-8\"?>
<!DOCTYPE plist PUBLIC \"-//Apple Computer//DTD PLIST 1.0//EN\" \"http://www.apple.com/DTDs/PropertyList-1.0.dtd\">
<plist version=\"1.0\">
<dict>
	<key>CFBundleDevelopmentRegion</key>
	<string>English</string>
	<key>CFBundleExecutable</key>
	<string>Exiv2</string>
	<key>CFBundleIdentifier</key>
	<string>com.yourcompany.Exiv2</string>
	<key>CFBundleInfoDictionaryVersion</key>
	<string>6.0</string>
	<key>CFBundlePackageType</key>
	<string>APPL</string>
	<key>CFBundleSignature</key>
	<string>????</string>
	<key>CFBundleVersion</key>
	<string>1.0</string>
</dict>
</plist>
";
			productType = "com.apple.product-type.bundle";
		};
		8B4FDB5A0807174C0016CABC = {
			explicitFileType = wrapper.cfbundle;
			includeInIndex = 0;
			isa = PBXFileReference;
			path = ImageMetadata.bundle;
			refType = 3;
			sourceTree = BUILT_PRODUCTS_DIR;
		};
		8B4FDB5B0807174C0016CABC = {
			isa = PBXFileReference;
			lastKnownFileType = text.xml;
			name = "ImageMetadata-Info.plist";
			path = "Components/ImageMetadata/ImageMetadata-Info.plist";
			refType = 4;
			sourceTree = "<group>";
		};
		8B4FDB5D080717700016CABC = {
			fileRef = 8B4FDB5B0807174C0016CABC;
			isa = PBXBuildFile;
			settings = {
			};
		};
		8B4FDB5F080717900016CABC = {
			fileRef = 8B4A46F007EA2C4700C1D2A0;
			isa = PBXBuildFile;
			settings = {
			};
		};
		8B4FDB61080717900016CABC = {
			fileRef = 8B4A46F207EA2C4700C1D2A0;
			isa = PBXBuildFile;
			settings = {
			};
		};
		8B4FDB64080717900016CABC = {
			fileRef = 8B4A46F507EA2C4700C1D2A0;
			isa = PBXBuildFile;
			settings = {
			};
		};
		8B4FDB66080717900016CABC = {
			fileRef = 8B4A46F707EA2C4700C1D2A0;
			isa = PBXBuildFile;
			settings = {
			};
		};
		8B4FDB68080717900016CABC = {
			fileRef = 8B4A46F907EA2C4700C1D2A0;
			isa = PBXBuildFile;
			settings = {
			};
		};
		8B4FDB6A080717900016CABC = {
			fileRef = 8B4A46FB07EA2C4700C1D2A0;
			isa = PBXBuildFile;
			settings = {
			};
		};
		8B4FDB6C080717900016CABC = {
			fileRef = 8B4A46FD07EA2C4700C1D2A0;
			isa = PBXBuildFile;
			settings = {
			};
		};
		8B4FDB6E080717900016CABC = {
			fileRef = 8B4A46FF07EA2C4700C1D2A0;
			isa = PBXBuildFile;
			settings = {
			};
		};
		8B4FDB70080717900016CABC = {
			fileRef = 8B4A470107EA2C4700C1D2A0;
			isa = PBXBuildFile;
			settings = {
			};
		};
		8B4FDB72080717900016CABC = {
			fileRef = 8B4A470307EA2C4700C1D2A0;
			isa = PBXBuildFile;
			settings = {
			};
		};
		8B4FDB75080717900016CABC = {
			fileRef = 8B4A470607EA2C4700C1D2A0;
			isa = PBXBuildFile;
			settings = {
			};
		};
		8B4FDB77080717900016CABC = {
			fileRef = 8B4A470807EA2C4700C1D2A0;
			isa = PBXBuildFile;
			settings = {
			};
		};
		8B4FDB79080717900016CABC = {
			fileRef = 8B4A470A07EA2C4700C1D2A0;
			isa = PBXBuildFile;
			settings = {
			};
		};
		8B4FDB7B080717900016CABC = {
			fileRef = 8B4A470C07EA2C4700C1D2A0;
			isa = PBXBuildFile;
			settings = {
			};
		};
		8B4FDB870807195A0016CABC = {
			fileRef = 8B443AFA07D7E0AB00C4D8E9;
			isa = PBXBuildFile;
			settings = {
			};
		};
		8B4FDB8A080719E60016CABC = {
			fileRef = 8B4FDB5A0807174C0016CABC;
			isa = PBXBuildFile;
			settings = {
			};
		};
		8B4FDB8D08071AC40016CABC = {
			containerPortal = 29B97313FDCFA39411CA2CEA;
			isa = PBXContainerItemProxy;
			proxyType = 1;
			remoteGlobalIDString = 8B4FDB590807174C0016CABC;
			remoteInfo = ImageMetadata;
		};
		8B4FDB8E08071AC40016CABC = {
			isa = PBXTargetDependency;
			target = 8B4FDB590807174C0016CABC;
			targetProxy = 8B4FDB8D08071AC40016CABC;
		};
		8B5279390801D48E0032F515 = {
			children = (
				8B52793A0801D48E0032F515,
				8B6B0AAF0804F551007655EB,
			);
			isa = PBXVariantGroup;
			name = Credits.html;
			path = "";
			refType = 4;
			sourceTree = "<group>";
		};
		8B52793A0801D48E0032F515 = {
			fileEncoding = 30;
			isa = PBXFileReference;
			lastKnownFileType = text.html;
			name = English;
			path = English.lproj/Credits.html;
			refType = 4;
			sourceTree = "<group>";
		};
		8B5279710801D4CB0032F515 = {
			fileRef = 8B5279390801D48E0032F515;
			isa = PBXBuildFile;
			settings = {
			};
		};
		8B53806907DD6F6D00BA7CFF = {
			buildActionMask = 8;
			files = (
			);
			inputPaths = (
				VitaminSEE.app,
			);
			isa = PBXShellScriptBuildPhase;
			outputPaths = (
			);
			runOnlyForDeploymentPostprocessing = 1;
			shellPath = /bin/sh;
			shellScript = "#!/bin/sh\n\n# Clean shit up.\nfind \"$BUILD_ROOT/$WRAPPER_NAME\" -name '.svn' -prune -exec rm -rf '{}' ';'\nfind \"$BUILD_ROOT/$WRAPPER_NAME\" -name '.DS_Store' -prune -exec rm -rf '{}' ';'\n\n# Now strip the useless headers from the Framework.\nrm -f \"$BUILD_ROOT/$WRAPPER_NAME/Contents/Frameworks/Exiv2.framework/Versions/A/Headers/\"*.hpp\n";
		};
		8B5380E207DD86BC00BA7CFF = {
			fileRef = 8BEA491807D7A73E001ADD2E;
			isa = PBXBuildFile;
			settings = {
			};
		};
		8B5380E307DD86D000BA7CFF = {
			fileRef = 8BA1243607D26EC700614FF4;
			isa = PBXBuildFile;
			settings = {
			};
		};
		8B561D9307CE7627005990E1 = {
			fileRef = 8BAF0F3E07CE6DAA00B0C832;
			isa = PBXBuildFile;
			settings = {
			};
		};
		8B561D9E07CE767A005990E1 = {
			containerPortal = 29B97313FDCFA39411CA2CEA;
			isa = PBXContainerItemProxy;
			proxyType = 1;
			remoteGlobalIDString = 8BAF0F3D07CE6DAA00B0C832;
			remoteInfo = GeneralPreferences;
		};
		8B561D9F07CE767A005990E1 = {
			isa = PBXTargetDependency;
			target = 8BAF0F3D07CE6DAA00B0C832;
			targetProxy = 8B561D9E07CE767A005990E1;
		};
		8B561DF807CE78F9005990E1 = {
			isa = PBXFileReference;
			lastKnownFileType = image.tiff;
			name = General_Prefs.tiff;
			path = Components/GeneralPreferences/General_Prefs.tiff;
			refType = 4;
			sourceTree = "<group>";
		};
		8B561DF907CE78F9005990E1 = {
			fileRef = 8B561DF807CE78F9005990E1;
			isa = PBXBuildFile;
			settings = {
			};
		};
		8B56209107CEA09E005990E1 = {
			children = (
				8B5E14E908146FF900897347,
				8BC6662807BFCF880075F57F,
				8BC6662907BFCF880075F57F,
				8B5620C007CEA5A5005990E1,
			);
			isa = PBXGroup;
			name = SortManager;
			refType = 4;
			sourceTree = "<group>";
		};
		8B56209B07CEA204005990E1 = {
			fileEncoding = 4;
			isa = PBXFileReference;
			lastKnownFileType = sourcecode.c.h;
			path = "VitaminSEEController+PluginLayer.h";
			refType = 4;
			sourceTree = "<group>";
		};
		8B56209C07CEA204005990E1 = {
			fileEncoding = 4;
			isa = PBXFileReference;
			lastKnownFileType = sourcecode.c.objc;
			path = "VitaminSEEController+PluginLayer.m";
			refType = 4;
			sourceTree = "<group>";
		};
		8B56209E07CEA204005990E1 = {
			fileRef = 8B56209C07CEA204005990E1;
			isa = PBXBuildFile;
			settings = {
			};
		};
		8B5620BB07CEA5A5005990E1 = {
			buildActionMask = 2147483647;
			files = (
				8B5620C907CEA6A4005990E1,
				8B5E14EB08146FF900897347,
			);
			isa = PBXResourcesBuildPhase;
			runOnlyForDeploymentPostprocessing = 0;
		};
		8B5620BC07CEA5A5005990E1 = {
			buildActionMask = 2147483647;
			files = (
				8B5620CB07CEA6AD005990E1,
			);
			isa = PBXSourcesBuildPhase;
			runOnlyForDeploymentPostprocessing = 0;
		};
		8B5620BD07CEA5A5005990E1 = {
			buildActionMask = 2147483647;
			files = (
				8B5620CE07CEA6C1005990E1,
			);
			isa = PBXFrameworksBuildPhase;
			runOnlyForDeploymentPostprocessing = 0;
		};
		8B5620BE07CEA5A5005990E1 = {
			buildPhases = (
				8B5620BB07CEA5A5005990E1,
				8B5620BC07CEA5A5005990E1,
				8B5620BD07CEA5A5005990E1,
			);
			buildRules = (
			);
			buildSettings = {
				DEPLOYMENT_POSTPROCESSING = YES;
				GCC_PRECOMPILE_PREFIX_HEADER = YES;
				GCC_PREFIX_HEADER = "$(SYSTEM_LIBRARY_DIR)/Frameworks/AppKit.framework/Headers/AppKit.h";
				INFOPLIST_FILE = "SortManager-Info.plist";
				INSTALL_PATH = "$(USER_LIBRARY_DIR)/Bundles";
				OTHER_CFLAGS = "";
				OTHER_LDFLAGS = "-framework Foundation -framework AppKit";
				OTHER_REZFLAGS = "";
				PRODUCT_NAME = SortManager;
				SECTORDER_FLAGS = "";
				WARNING_CFLAGS = "-Wmost -Wno-four-char-constants -Wno-unknown-pragmas";
				WRAPPER_EXTENSION = cqvPlugin;
			};
			dependencies = (
			);
			isa = PBXNativeTarget;
			name = SortManager;
			productName = SortManager;
			productReference = 8B5620BF07CEA5A5005990E1;
			productSettingsXML = "<?xml version=\"1.0\" encoding=\"UTF-8\"?>
<!DOCTYPE plist PUBLIC \"-//Apple Computer//DTD PLIST 1.0//EN\" \"http://www.apple.com/DTDs/PropertyList-1.0.dtd\">
<plist version=\"1.0\">
<dict>
	<key>CFBundleDevelopmentRegion</key>
	<string>English</string>
	<key>CFBundleExecutable</key>
	<string>SortManager</string>
	<key>CFBundleIdentifier</key>
	<string>com.yourcompany.SortManager</string>
	<key>CFBundleInfoDictionaryVersion</key>
	<string>6.0</string>
	<key>CFBundlePackageType</key>
	<string>APPL</string>
	<key>CFBundleSignature</key>
	<string>????</string>
	<key>CFBundleVersion</key>
	<string>1.0</string>
</dict>
</plist>
";
			productType = "com.apple.product-type.bundle";
		};
		8B5620BF07CEA5A5005990E1 = {
			explicitFileType = wrapper.cfbundle;
			includeInIndex = 0;
			isa = PBXFileReference;
			path = SortManager.cqvPlugin;
			refType = 3;
			sourceTree = BUILT_PRODUCTS_DIR;
		};
		8B5620C007CEA5A5005990E1 = {
			isa = PBXFileReference;
			lastKnownFileType = text.xml;
			name = "SortManager-Info.plist";
			path = "/Users/elliot/Projects/VitaminSEE-development-reorganization/Components/SortManager/SortManager-Info.plist";
			refType = 0;
			sourceTree = "<absolute>";
		};
		8B5620C907CEA6A4005990E1 = {
			fileRef = 8B5620C007CEA5A5005990E1;
			isa = PBXBuildFile;
			settings = {
			};
		};
		8B5620CB07CEA6AD005990E1 = {
			fileRef = 8BC6662907BFCF880075F57F;
			isa = PBXBuildFile;
			settings = {
			};
		};
		8B5620CE07CEA6C1005990E1 = {
			fileRef = 1058C7A1FEA54F0111CA2CBB;
			isa = PBXBuildFile;
			settings = {
			};
		};
		8B5620E107CEA6F1005990E1 = {
			fileRef = 8B5620BF07CEA5A5005990E1;
			isa = PBXBuildFile;
			settings = {
			};
		};
		8B5620E207CEA700005990E1 = {
			containerPortal = 29B97313FDCFA39411CA2CEA;
			isa = PBXContainerItemProxy;
			proxyType = 1;
			remoteGlobalIDString = 8B5620BE07CEA5A5005990E1;
			remoteInfo = SortManager;
		};
		8B5620E307CEA700005990E1 = {
			isa = PBXTargetDependency;
			target = 8B5620BE07CEA5A5005990E1;
			targetProxy = 8B5620E207CEA700005990E1;
		};
		8B5B697407E82FF9001FC345 = {
			children = (
				8B443AF907D7E0AB00C4D8E9,
				8B443AFA07D7E0AB00C4D8E9,
				8B4FDB5B0807174C0016CABC,
				8B5E14B30814605500897347,
			);
			isa = PBXGroup;
			name = ImageMetadata;
			path = "";
			refType = 4;
			sourceTree = "<group>";
		};
		8B5D5E2907B8215E00957950 = {
			fileEncoding = 4;
			isa = PBXFileReference;
			lastKnownFileType = sourcecode.c.h;
			path = ImageTaskManager.h;
			refType = 4;
			sourceTree = "<group>";
		};
		8B5D5E2A07B8215E00957950 = {
			fileEncoding = 4;
			isa = PBXFileReference;
			lastKnownFileType = sourcecode.c.objc;
			path = ImageTaskManager.m;
			refType = 4;
			sourceTree = "<group>";
			wrapsLines = 0;
		};
		8B5D5E2C07B8215E00957950 = {
			fileRef = 8B5D5E2A07B8215E00957950;
			isa = PBXBuildFile;
			settings = {
			};
		};
		8B5E14B30814605500897347 = {
			children = (
				8B4A46F007EA2C4700C1D2A0,
				8B4A46F107EA2C4700C1D2A0,
				8B4A46F207EA2C4700C1D2A0,
				8B4A46F307EA2C4700C1D2A0,
				8B4A46F407EA2C4700C1D2A0,
				8B4A46F507EA2C4700C1D2A0,
				8B4A46F607EA2C4700C1D2A0,
				8B4A46F707EA2C4700C1D2A0,
				8B4A46F807EA2C4700C1D2A0,
				8B4A46F907EA2C4700C1D2A0,
				8B4A46FA07EA2C4700C1D2A0,
				8B4A46FB07EA2C4700C1D2A0,
				8B4A46FC07EA2C4700C1D2A0,
				8B4A46FD07EA2C4700C1D2A0,
				8B4A46FE07EA2C4700C1D2A0,
				8B4A46FF07EA2C4700C1D2A0,
				8B4A470007EA2C4700C1D2A0,
				8B4A470107EA2C4700C1D2A0,
				8B4A470207EA2C4700C1D2A0,
				8B4A470307EA2C4700C1D2A0,
				8B4A470407EA2C4700C1D2A0,
				8B4A470507EA2C4700C1D2A0,
				8B4A470607EA2C4700C1D2A0,
				8B4A470707EA2C4700C1D2A0,
				8B4A470807EA2C4700C1D2A0,
				8B4A470907EA2C4700C1D2A0,
				8B4A470A07EA2C4700C1D2A0,
				8B4A470B07EA2C4700C1D2A0,
				8B4A470C07EA2C4700C1D2A0,
				8B4A470D07EA2C4700C1D2A0,
			);
			isa = PBXGroup;
			name = Exiv2;
			refType = 4;
			sourceTree = "<group>";
		};
		8B5E14BC0814615200897347 = {
			children = (
				8B5E14BD0814615200897347,
			);
			isa = PBXVariantGroup;
			name = ViewAsIconsView.nib;
			path = "";
			refType = 4;
			sourceTree = "<group>";
		};
		8B5E14BD0814615200897347 = {
			isa = PBXFileReference;
			lastKnownFileType = wrapper.nib;
			name = English;
			path = Components/ViewAsIconsView/English.lproj/ViewAsIconsView.nib;
			refType = 4;
			sourceTree = "<group>";
		};
		8B5E14BE0814615200897347 = {
			fileRef = 8B5E14BC0814615200897347;
			isa = PBXBuildFile;
			settings = {
			};
		};
		8B5E14C7081462CB00897347 = {
			children = (
				8B5E14C8081462CB00897347,
			);
			isa = PBXVariantGroup;
			name = KeywordManagerPreferences.nib;
			path = "";
			refType = 4;
			sourceTree = "<group>";
		};
		8B5E14C8081462CB00897347 = {
			isa = PBXFileReference;
			lastKnownFileType = wrapper.nib;
			name = English;
			path = Components/KeywordManagerPreferences/English.lproj/KeywordManagerPreferences.nib;
			refType = 4;
			sourceTree = "<group>";
		};
		8B5E14C9081462CB00897347 = {
			fileRef = 8B5E14C7081462CB00897347;
			isa = PBXBuildFile;
			settings = {
			};
		};
		8B5E14D0081463A400897347 = {
			children = (
				8B5E14D1081463A400897347,
			);
			isa = PBXVariantGroup;
			name = KeywordManager.nib;
			path = "";
			refType = 4;
			sourceTree = "<group>";
		};
		8B5E14D1081463A400897347 = {
			isa = PBXFileReference;
			lastKnownFileType = wrapper.nib;
			name = English;
			path = Components/KeywordManager/English.lproj/KeywordManager.nib;
			refType = 4;
			sourceTree = "<group>";
		};
		8B5E14D2081463A400897347 = {
			fileRef = 8B5E14D0081463A400897347;
			isa = PBXBuildFile;
			settings = {
			};
		};
		8B5E14D5081464D800897347 = {
			children = (
				8B5E14D6081464D800897347,
			);
			isa = PBXVariantGroup;
			name = GoToFolderSheet.nib;
			path = "";
			refType = 4;
			sourceTree = "<group>";
		};
		8B5E14D6081464D800897347 = {
			isa = PBXFileReference;
			lastKnownFileType = wrapper.nib;
			name = English;
			path = Components/GotoFolderSheet/English.lproj/GoToFolderSheet.nib;
			refType = 4;
			sourceTree = "<group>";
		};
		8B5E14D7081464D800897347 = {
			fileRef = 8B5E14D5081464D800897347;
			isa = PBXBuildFile;
			settings = {
			};
		};
		8B5E14E00814662200897347 = {
			children = (
				8B5E14E10814662200897347,
			);
			isa = PBXVariantGroup;
			name = GeneralPreferences.nib;
			path = "";
			refType = 4;
			sourceTree = "<group>";
		};
		8B5E14E10814662200897347 = {
			isa = PBXFileReference;
			lastKnownFileType = wrapper.nib;
			name = English;
			path = Components/GeneralPreferences/English.lproj/GeneralPreferences.nib;
			refType = 4;
			sourceTree = "<group>";
		};
		8B5E14E20814662200897347 = {
			fileRef = 8B5E14E00814662200897347;
			isa = PBXBuildFile;
			settings = {
			};
		};
		8B5E14E908146FF900897347 = {
			children = (
				8B5E14EA08146FF900897347,
			);
			isa = PBXVariantGroup;
			name = SortManager.nib;
			path = "";
			refType = 4;
			sourceTree = "<group>";
		};
		8B5E14EA08146FF900897347 = {
			isa = PBXFileReference;
			lastKnownFileType = wrapper.nib;
			name = English;
			path = Components/SortManager/English.lproj/SortManager.nib;
			refType = 4;
			sourceTree = "<group>";
		};
		8B5E14EB08146FF900897347 = {
			fileRef = 8B5E14E908146FF900897347;
			isa = PBXBuildFile;
			settings = {
			};
		};
		8B5E14EE081470A600897347 = {
			children = (
				8B5E14EF081470A600897347,
			);
			isa = PBXVariantGroup;
			name = SortManagerPreferences.nib;
			path = "";
			refType = 4;
			sourceTree = "<group>";
		};
		8B5E14EF081470A600897347 = {
			isa = PBXFileReference;
			lastKnownFileType = wrapper.nib;
			name = English;
			path = Components/SortManagerPreferences/English.lproj/SortManagerPreferences.nib;
			refType = 4;
			sourceTree = "<group>";
		};
		8B5E14F0081470A600897347 = {
			fileRef = 8B5E14EE081470A600897347;
			isa = PBXBuildFile;
			settings = {
			};
		};
		8B5EB13407CD254F00B43D06 = {
			isa = PBXFileReference;
			lastKnownFileType = wrapper.framework;
			name = Carbon.framework;
			path = /System/Library/Frameworks/Carbon.framework;
			refType = 0;
			sourceTree = "<absolute>";
		};
		8B5EB13507CD254F00B43D06 = {
			fileRef = 8B5EB13407CD254F00B43D06;
			isa = PBXBuildFile;
			settings = {
			};
		};
		8B6710AF080C9BE00084EE5A = {
			fileEncoding = 30;
			isa = PBXFileReference;
			lastKnownFileType = sourcecode.c.h;
			path = MVMenuButton.h;
			refType = 4;
			sourceTree = "<group>";
		};
		8B6710B0080C9BE00084EE5A = {
			fileEncoding = 30;
			isa = PBXFileReference;
			lastKnownFileType = sourcecode.c.objc;
			path = MVMenuButton.m;
			refType = 4;
			sourceTree = "<group>";
		};
		8B6710B2080C9BE00084EE5A = {
			fileRef = 8B6710B0080C9BE00084EE5A;
			isa = PBXBuildFile;
			settings = {
			};
		};
		8B6A9177080784F40085334A = {
			isa = PBXFileReference;
			lastKnownFileType = image.icns;
			name = ToolbarFavoritesIcon.icns;
			path = Resources/ToolbarFavoritesIcon.icns;
			refType = 4;
			sourceTree = "<group>";
		};
		8B6A9178080784F40085334A = {
			fileRef = 8B6A9177080784F40085334A;
			isa = PBXBuildFile;
			settings = {
			};
		};
		8B6A96F10807ABD10085334A = {
			fileEncoding = 4;
			isa = PBXFileReference;
			lastKnownFileType = sourcecode.c.h;
			path = FavoritesToolbarItem.h;
			refType = 4;
			sourceTree = "<group>";
		};
		8B6A96F20807ABD10085334A = {
			fileEncoding = 4;
			isa = PBXFileReference;
			lastKnownFileType = sourcecode.c.objc;
			path = FavoritesToolbarItem.m;
			refType = 4;
			sourceTree = "<group>";
		};
		8B6A96F40807ABD10085334A = {
			fileRef = 8B6A96F20807ABD10085334A;
			isa = PBXBuildFile;
			settings = {
			};
		};
		8B6B0AA40804F50F007655EB = {
			children = (
				8BC27DA707ECF9B300B56836,
				8B6B0AA60804F519007655EB,
			);
			isa = PBXVariantGroup;
			name = GPL.txt;
			refType = 4;
			sourceTree = "<group>";
		};
		8B6B0AA50804F50F007655EB = {
			fileRef = 8B6B0AA40804F50F007655EB;
			isa = PBXBuildFile;
			settings = {
			};
		};
		8B6B0AA60804F519007655EB = {
			fileEncoding = 10;
			isa = PBXFileReference;
			lastKnownFileType = text;
			name = Japanese;
			path = Japanese.lproj/GPL.txt;
			refType = 4;
			sourceTree = "<group>";
		};
		8B6B0AAF0804F551007655EB = {
			fileEncoding = 10;
			isa = PBXFileReference;
			lastKnownFileType = text.html;
			name = Japanese;
			path = Japanese.lproj/Credits.html;
			refType = 4;
			sourceTree = "<group>";
		};
		8B6D010807CB178F009A76DA = {
			children = (
				8B5B697407E82FF9001FC345,
				8BC8F93807F20EC700C66290,
				8B83632D07E0DD3D00F3C880,
				8BC727C707CF1E82003103C0,
				8BC727C207CF1D18003103C0,
				8B6D011307CB185E009A76DA,
				8B56209107CEA09E005990E1,
				8B6D010E07CB179C009A76DA,
			);
			isa = PBXGroup;
			name = Components;
			refType = 4;
			sourceTree = "<group>";
		};
		8B6D010E07CB179C009A76DA = {
			children = (
				8B5E14EE081470A600897347,
				8B7DDCCA07F8E82400FE20E4,
				8B7DDCCB07F8E82400FE20E4,
				8B6D020F07CB3312009A76DA,
				8B6D021007CB3312009A76DA,
				8B6D01F907CB327F009A76DA,
			);
			isa = PBXGroup;
			name = SortManagerPreferences;
			path = "";
			refType = 4;
			sourceTree = "<group>";
		};
		8B6D011307CB185E009A76DA = {
			children = (
				8B561DF807CE78F9005990E1,
				8BAF0F4B07CE6E5200B0C832,
				8BAF0F4C07CE6E5200B0C832,
				8BAF0F3F07CE6DAA00B0C832,
				8B5E14E00814662200897347,
			);
			isa = PBXGroup;
			name = GeneralPreferences;
			refType = 4;
			sourceTree = "<group>";
		};
		8B6D011607CB190B009A76DA = {
			fileEncoding = 4;
			isa = PBXFileReference;
			lastKnownFileType = sourcecode.c.h;
			path = CurrentFilePlugin.h;
			refType = 4;
			sourceTree = "<group>";
		};
		8B6D015407CB23A0009A76DA = {
			fileEncoding = 4;
			isa = PBXFileReference;
			lastKnownFileType = sourcecode.c.h;
			path = ImmutableToMutableTransformer.h;
			refType = 4;
			sourceTree = "<group>";
		};
		8B6D015507CB23A0009A76DA = {
			fileEncoding = 4;
			isa = PBXFileReference;
			lastKnownFileType = sourcecode.c.objc;
			path = ImmutableToMutableTransformer.m;
			refType = 4;
			sourceTree = "<group>";
		};
		8B6D015707CB23A0009A76DA = {
			fileRef = 8B6D015507CB23A0009A76DA;
			isa = PBXBuildFile;
			settings = {
			};
		};
		8B6D01C007CB2EA2009A76DA = {
			fileEncoding = 30;
			isa = PBXFileReference;
			lastKnownFileType = sourcecode.c.objc;
			path = SS_PrefsController.m;
			refType = 4;
			sourceTree = "<group>";
		};
		8B6D01C107CB2EA2009A76DA = {
			fileEncoding = 30;
			isa = PBXFileReference;
			lastKnownFileType = sourcecode.c.h;
			path = SS_PrefsController.h;
			refType = 4;
			sourceTree = "<group>";
		};
		8B6D01C207CB2EA2009A76DA = {
			fileRef = 8B6D01C007CB2EA2009A76DA;
			isa = PBXBuildFile;
			settings = {
			};
		};
		8B6D01C807CB2EB3009A76DA = {
			fileEncoding = 30;
			isa = PBXFileReference;
			lastKnownFileType = sourcecode.c.h;
			path = SS_PreferencePaneProtocol.h;
			refType = 4;
			sourceTree = "<group>";
		};
		8B6D01F407CB327E009A76DA = {
			buildActionMask = 2147483647;
			files = (
				8B6D01FC07CB329C009A76DA,
				8B5E14F0081470A600897347,
			);
			isa = PBXResourcesBuildPhase;
			runOnlyForDeploymentPostprocessing = 0;
		};
		8B6D01F507CB327E009A76DA = {
			buildActionMask = 2147483647;
			files = (
				8B6D029007CBC865009A76DA,
				8B7DDCCD07F8E82400FE20E4,
			);
			isa = PBXSourcesBuildPhase;
			runOnlyForDeploymentPostprocessing = 0;
		};
		8B6D01F607CB327E009A76DA = {
			buildActionMask = 2147483647;
			files = (
				8B6D01FD07CB32B3009A76DA,
			);
			isa = PBXFrameworksBuildPhase;
			runOnlyForDeploymentPostprocessing = 0;
		};
		8B6D01F707CB327E009A76DA = {
			buildPhases = (
				8B6D01F407CB327E009A76DA,
				8B6D01F507CB327E009A76DA,
				8B6D01F607CB327E009A76DA,
			);
			buildRules = (
			);
			buildSettings = {
				DEPLOYMENT_POSTPROCESSING = YES;
				GCC_PRECOMPILE_PREFIX_HEADER = YES;
				GCC_PREFIX_HEADER = "$(SYSTEM_LIBRARY_DIR)/Frameworks/AppKit.framework/Headers/AppKit.h";
				INFOPLIST_FILE = "SortManagerPreferences-Info.plist";
				INSTALL_PATH = "$(USER_LIBRARY_DIR)/Bundles";
				OTHER_CFLAGS = "";
				OTHER_LDFLAGS = "-framework Foundation -framework AppKit";
				OTHER_REZFLAGS = "";
				PRODUCT_NAME = SortManagerPreferences;
				SECTORDER_FLAGS = "";
				WARNING_CFLAGS = "-Wmost -Wno-four-char-constants -Wno-unknown-pragmas";
				WRAPPER_EXTENSION = cqvPref;
			};
			dependencies = (
			);
			isa = PBXNativeTarget;
			name = SortManagerPreferences;
			productName = SortManagerPreferences;
			productReference = 8B6D01F807CB327E009A76DA;
			productSettingsXML = "<?xml version=\"1.0\" encoding=\"UTF-8\"?>
<!DOCTYPE plist PUBLIC \"-//Apple Computer//DTD PLIST 1.0//EN\" \"http://www.apple.com/DTDs/PropertyList-1.0.dtd\">
<plist version=\"1.0\">
<dict>
	<key>CFBundleDevelopmentRegion</key>
	<string>English</string>
	<key>CFBundleExecutable</key>
	<string>SortManagerPreferences</string>
	<key>CFBundleIdentifier</key>
	<string>com.yourcompany.SortManagerPreferences</string>
	<key>CFBundleInfoDictionaryVersion</key>
	<string>6.0</string>
	<key>CFBundlePackageType</key>
	<string>APPL</string>
	<key>CFBundleSignature</key>
	<string>????</string>
	<key>CFBundleVersion</key>
	<string>1.0</string>
</dict>
</plist>
";
			productType = "com.apple.product-type.bundle";
		};
		8B6D01F807CB327E009A76DA = {
			explicitFileType = wrapper.cfbundle;
			includeInIndex = 0;
			isa = PBXFileReference;
			path = SortManagerPreferences.cqvPref;
			refType = 3;
			sourceTree = BUILT_PRODUCTS_DIR;
		};
		8B6D01F907CB327F009A76DA = {
			isa = PBXFileReference;
			lastKnownFileType = text.xml;
			name = "SortManagerPreferences-Info.plist";
			path = "/Users/elliot/Projects/VitaminSEE-development-reorganization/Components/SortManagerPreferences/SortManagerPreferences-Info.plist";
			refType = 0;
			sourceTree = "<absolute>";
		};
		8B6D01FC07CB329C009A76DA = {
			fileRef = 8B6D01F907CB327F009A76DA;
			isa = PBXBuildFile;
			settings = {
			};
		};
		8B6D01FD07CB32B3009A76DA = {
			fileRef = 1058C7A1FEA54F0111CA2CBB;
			isa = PBXBuildFile;
			settings = {
			};
		};
		8B6D020207CB32C0009A76DA = {
			buildActionMask = 2147483647;
			dstPath = "";
			dstSubfolderSpec = 13;
			files = (
				8B4FDB8A080719E60016CABC,
				8B4FDB490807170F0016CABC,
				8B8364B507E0E96A00F3C880,
				8BEA491B07D7A78F001ADD2E,
				8BA1253707D2845D00614FF4,
				8B5620E107CEA6F1005990E1,
				8B561D9307CE7627005990E1,
				8B6D020307CB32CD009A76DA,
			);
			isa = PBXCopyFilesBuildPhase;
			runOnlyForDeploymentPostprocessing = 0;
		};
		8B6D020307CB32CD009A76DA = {
			fileRef = 8B6D01F807CB327E009A76DA;
			isa = PBXBuildFile;
			settings = {
			};
		};
		8B6D020F07CB3312009A76DA = {
			fileEncoding = 4;
			isa = PBXFileReference;
			lastKnownFileType = sourcecode.c.h;
			name = SortManagerPreferencesController.h;
			path = Components/SortManagerPreferences/SortManagerPreferencesController.h;
			refType = 4;
			sourceTree = "<group>";
		};
		8B6D021007CB3312009A76DA = {
			fileEncoding = 4;
			isa = PBXFileReference;
			lastKnownFileType = sourcecode.c.objc;
			name = SortManagerPreferencesController.m;
			path = Components/SortManagerPreferences/SortManagerPreferencesController.m;
			refType = 4;
			sourceTree = "<group>";
		};
		8B6D025507CBC6A8009A76DA = {
			containerPortal = 29B97313FDCFA39411CA2CEA;
			isa = PBXContainerItemProxy;
			proxyType = 1;
			remoteGlobalIDString = 8B6D01F707CB327E009A76DA;
			remoteInfo = SortManagerPreferences;
		};
		8B6D025607CBC6A8009A76DA = {
			isa = PBXTargetDependency;
			target = 8B6D01F707CB327E009A76DA;
			targetProxy = 8B6D025507CBC6A8009A76DA;
		};
		8B6D029007CBC865009A76DA = {
			fileRef = 8B6D021007CB3312009A76DA;
			isa = PBXBuildFile;
			settings = {
			};
		};
		8B6FCF9807B1E200003F0000 = {
			fileEncoding = 4;
			isa = PBXFileReference;
			lastKnownFileType = sourcecode.c.h;
			path = FileSizeFormatter.h;
			refType = 4;
			sourceTree = "<group>";
		};
		8B6FCF9907B1E200003F0000 = {
			fileEncoding = 4;
			isa = PBXFileReference;
			lastKnownFileType = sourcecode.c.objc;
			path = FileSizeFormatter.m;
			refType = 4;
			sourceTree = "<group>";
		};
		8B6FCF9B07B1E200003F0000 = {
			fileRef = 8B6FCF9907B1E200003F0000;
			isa = PBXBuildFile;
			settings = {
			};
		};
		8B6FD33207B30B0F003F0000 = {
			fileEncoding = 4;
			isa = PBXFileReference;
			lastKnownFileType = sourcecode.c.h;
			path = SBCenteringClipView.h;
			refType = 4;
			sourceTree = "<group>";
		};
		8B6FD33307B30B0F003F0000 = {
			fileEncoding = 4;
			isa = PBXFileReference;
			lastKnownFileType = sourcecode.c.objc;
			path = SBCenteringClipView.m;
			refType = 4;
			sourceTree = "<group>";
		};
		8B6FD33507B30B0F003F0000 = {
			fileRef = 8B6FD33307B30B0F003F0000;
			isa = PBXBuildFile;
			settings = {
			};
		};
		8B7BD1E107DFB7A80050FB25 = {
			isa = PBXFileReference;
			lastKnownFileType = image.icns;
			name = VitaminSEE.icns;
			path = Resources/VitaminSEE.icns;
			refType = 4;
			sourceTree = "<group>";
		};
		8B7BD1FC07DFB84B0050FB25 = {
			fileRef = 8B7BD1E107DFB7A80050FB25;
			isa = PBXBuildFile;
			settings = {
			};
		};
		8B7C0C3A07B5FEB4005DB6FF = {
			fileEncoding = 4;
			isa = PBXFileReference;
			lastKnownFileType = sourcecode.c.h;
			path = Util.h;
			refType = 4;
			sourceTree = "<group>";
		};
		8B7C0C3B07B5FEB5005DB6FF = {
			fileEncoding = 4;
			isa = PBXFileReference;
			lastKnownFileType = sourcecode.c.objc;
			path = Util.m;
			refType = 4;
			sourceTree = "<group>";
		};
		8B7C0C3D07B5FEB5005DB6FF = {
			fileRef = 8B7C0C3B07B5FEB5005DB6FF;
			isa = PBXBuildFile;
			settings = {
			};
		};
		8B7DDCCA07F8E82400FE20E4 = {
			fileEncoding = 30;
			isa = PBXFileReference;
			lastKnownFileType = sourcecode.c.h;
			name = DNDArrayController.h;
			path = Components/SortManagerPreferences/DNDArrayController.h;
			refType = 4;
			sourceTree = "<group>";
		};
		8B7DDCCB07F8E82400FE20E4 = {
			fileEncoding = 30;
			isa = PBXFileReference;
			lastKnownFileType = sourcecode.c.objc;
			name = DNDArrayController.m;
			path = Components/SortManagerPreferences/DNDArrayController.m;
			refType = 4;
			sourceTree = "<group>";
		};
		8B7DDCCD07F8E82400FE20E4 = {
			fileRef = 8B7DDCCB07F8E82400FE20E4;
			isa = PBXBuildFile;
			settings = {
			};
		};
		8B7E6D9B080B40EC00DD5466 = {
			isa = PBXFileReference;
			lastKnownFileType = image.tiff;
			name = hand_closed.tiff;
			path = Resources/hand_closed.tiff;
			refType = 4;
			sourceTree = "<group>";
		};
		8B7E6D9C080B40EC00DD5466 = {
			isa = PBXFileReference;
			lastKnownFileType = image.tiff;
			name = hand_open.tiff;
			path = Resources/hand_open.tiff;
			refType = 4;
			sourceTree = "<group>";
		};
		8B7E6D9D080B40EC00DD5466 = {
			fileRef = 8B7E6D9B080B40EC00DD5466;
			isa = PBXBuildFile;
			settings = {
			};
		};
		8B7E6D9E080B40EC00DD5466 = {
			fileRef = 8B7E6D9C080B40EC00DD5466;
			isa = PBXBuildFile;
			settings = {
			};
		};
		8B7E6DA5080B419500DD5466 = {
			fileEncoding = 30;
			isa = PBXFileReference;
			lastKnownFileType = sourcecode.c.h;
			path = MyImageView.h;
			refType = 4;
			sourceTree = "<group>";
		};
		8B7E6DA6080B419500DD5466 = {
			fileEncoding = 30;
			isa = PBXFileReference;
			lastKnownFileType = sourcecode.c.objc;
			path = MyImageView.m;
			refType = 4;
			sourceTree = "<group>";
		};
		8B7E6DA8080B419500DD5466 = {
			fileRef = 8B7E6DA6080B419500DD5466;
			isa = PBXBuildFile;
			settings = {
			};
		};
		8B83632D07E0DD3D00F3C880 = {
			children = (
				8B5E14D5081464D800897347,
				8B83632E07E0DD5300F3C880,
				8B83632F07E0DD5300F3C880,
				8B8363A407E0E88E00F3C880,
			);
			isa = PBXGroup;
			name = GotoFolderSheet;
			refType = 4;
			sourceTree = "<group>";
		};
		8B83632E07E0DD5300F3C880 = {
			fileEncoding = 4;
			isa = PBXFileReference;
			lastKnownFileType = sourcecode.c.h;
			name = GotoSheetController.h;
			path = Components/GotoFolderSheet/GotoSheetController.h;
			refType = 4;
			sourceTree = "<group>";
		};
		8B83632F07E0DD5300F3C880 = {
			fileEncoding = 4;
			isa = PBXFileReference;
			lastKnownFileType = sourcecode.c.objc;
			name = GotoSheetController.m;
			path = Components/GotoFolderSheet/GotoSheetController.m;
			refType = 4;
			sourceTree = "<group>";
		};
		8B83639F07E0E88E00F3C880 = {
			buildActionMask = 2147483647;
			files = (
				8B8363BC07E0E8B700F3C880,
				8B5E14D7081464D800897347,
			);
			isa = PBXResourcesBuildPhase;
			runOnlyForDeploymentPostprocessing = 0;
		};
		8B8363A007E0E88E00F3C880 = {
			buildActionMask = 2147483647;
			files = (
				8B8363BD07E0E8C500F3C880,
			);
			isa = PBXSourcesBuildPhase;
			runOnlyForDeploymentPostprocessing = 0;
		};
		8B8363A107E0E88E00F3C880 = {
			buildActionMask = 2147483647;
			files = (
				8B8363BE07E0E8D500F3C880,
			);
			isa = PBXFrameworksBuildPhase;
			runOnlyForDeploymentPostprocessing = 0;
		};
		8B8363A207E0E88E00F3C880 = {
			buildPhases = (
				8B83639F07E0E88E00F3C880,
				8B8363A007E0E88E00F3C880,
				8B8363A107E0E88E00F3C880,
			);
			buildRules = (
			);
			buildSettings = {
				DEPLOYMENT_POSTPROCESSING = YES;
				GCC_PRECOMPILE_PREFIX_HEADER = YES;
				GCC_PREFIX_HEADER = "$(SYSTEM_LIBRARY_DIR)/Frameworks/AppKit.framework/Headers/AppKit.h";
				INFOPLIST_FILE = "GotoFolderSheet-Info.plist";
				INSTALL_PATH = "$(USER_LIBRARY_DIR)/Bundles";
				OTHER_CFLAGS = "";
				OTHER_LDFLAGS = "-framework Foundation -framework AppKit";
				OTHER_REZFLAGS = "";
				PRODUCT_NAME = GotoFolderSheet;
				SECTORDER_FLAGS = "";
				WARNING_CFLAGS = "-Wmost -Wno-four-char-constants -Wno-unknown-pragmas";
			};
			dependencies = (
			);
			isa = PBXNativeTarget;
			name = GotoFolderSheet;
			productName = GotoFolderSheet;
			productReference = 8B8363A307E0E88E00F3C880;
			productSettingsXML = "<?xml version=\"1.0\" encoding=\"UTF-8\"?>
<!DOCTYPE plist PUBLIC \"-//Apple Computer//DTD PLIST 1.0//EN\" \"http://www.apple.com/DTDs/PropertyList-1.0.dtd\">
<plist version=\"1.0\">
<dict>
	<key>CFBundleDevelopmentRegion</key>
	<string>English</string>
	<key>CFBundleExecutable</key>
	<string>GotoFolderSheet</string>
	<key>CFBundleIdentifier</key>
	<string>com.yourcompany.GotoFolderSheet</string>
	<key>CFBundleInfoDictionaryVersion</key>
	<string>6.0</string>
	<key>CFBundlePackageType</key>
	<string>APPL</string>
	<key>CFBundleSignature</key>
	<string>????</string>
	<key>CFBundleVersion</key>
	<string>1.0</string>
</dict>
</plist>
";
			productType = "com.apple.product-type.bundle";
		};
		8B8363A307E0E88E00F3C880 = {
			explicitFileType = wrapper.cfbundle;
			includeInIndex = 0;
			isa = PBXFileReference;
			path = GotoFolderSheet.bundle;
			refType = 3;
			sourceTree = BUILT_PRODUCTS_DIR;
		};
		8B8363A407E0E88E00F3C880 = {
			isa = PBXFileReference;
			lastKnownFileType = text.xml;
			name = "GotoFolderSheet-Info.plist";
			path = "Components/GotoFolderSheet/GotoFolderSheet-Info.plist";
			refType = 4;
			sourceTree = "<group>";
		};
		8B8363BC07E0E8B700F3C880 = {
			fileRef = 8B8363A407E0E88E00F3C880;
			isa = PBXBuildFile;
			settings = {
			};
		};
		8B8363BD07E0E8C500F3C880 = {
			fileRef = 8B83632F07E0DD5300F3C880;
			isa = PBXBuildFile;
			settings = {
			};
		};
		8B8363BE07E0E8D500F3C880 = {
			fileRef = 1058C7A1FEA54F0111CA2CBB;
			isa = PBXBuildFile;
			settings = {
			};
		};
		8B8364B507E0E96A00F3C880 = {
			fileRef = 8B8363A307E0E88E00F3C880;
			isa = PBXBuildFile;
			settings = {
			};
		};
		8B8364CD07E0EEAE00F3C880 = {
			containerPortal = 29B97313FDCFA39411CA2CEA;
			isa = PBXContainerItemProxy;
			proxyType = 1;
			remoteGlobalIDString = 8B8363A207E0E88E00F3C880;
			remoteInfo = GotoFolderSheet;
		};
		8B8364CE07E0EEAE00F3C880 = {
			isa = PBXTargetDependency;
			target = 8B8363A207E0E88E00F3C880;
			targetProxy = 8B8364CD07E0EEAE00F3C880;
		};
		8B87410F07BA9D9F00EF7923 = {
			fileEncoding = 4;
			isa = PBXFileReference;
			lastKnownFileType = sourcecode.c.h;
			name = ViewAsIconViewCell.h;
			path = Components/ViewAsIconsView/ViewAsIconViewCell.h;
			refType = 4;
			sourceTree = "<group>";
		};
		8B87411007BA9D9F00EF7923 = {
			fileEncoding = 4;
			isa = PBXFileReference;
			lastKnownFileType = sourcecode.c.objc;
			name = ViewAsIconViewCell.m;
			path = Components/ViewAsIconsView/ViewAsIconViewCell.m;
			refType = 4;
			sourceTree = "<group>";
		};
		8BA098D80805C86B001FB2FD = {
			fileEncoding = 4;
			isa = PBXFileReference;
			lastKnownFileType = sourcecode.c.h;
			path = PluginBase.h;
			refType = 4;
			sourceTree = "<group>";
		};
		8BA1243107D26EC700614FF4 = {
			buildActionMask = 2147483647;
			files = (
				8B5380E307DD86D000BA7CFF,
				8BDEE8D907E7818A0024BF72,
				8B5E14C9081462CB00897347,
			);
			isa = PBXResourcesBuildPhase;
			runOnlyForDeploymentPostprocessing = 0;
		};
		8BA1243207D26EC700614FF4 = {
			buildActionMask = 2147483647;
			files = (
				8BEA47F507D69F30001ADD2E,
				8BA1243D07D26F2A00614FF4,
			);
			isa = PBXSourcesBuildPhase;
			runOnlyForDeploymentPostprocessing = 0;
		};
		8BA1243307D26EC700614FF4 = {
			buildActionMask = 2147483647;
			files = (
			);
			isa = PBXFrameworksBuildPhase;
			runOnlyForDeploymentPostprocessing = 0;
		};
		8BA1243407D26EC700614FF4 = {
			buildPhases = (
				8BA1243107D26EC700614FF4,
				8BA1243207D26EC700614FF4,
				8BA1243307D26EC700614FF4,
			);
			buildRules = (
			);
			buildSettings = {
				DEPLOYMENT_POSTPROCESSING = YES;
				GCC_PRECOMPILE_PREFIX_HEADER = YES;
				GCC_PREFIX_HEADER = "$(SYSTEM_LIBRARY_DIR)/Frameworks/AppKit.framework/Headers/AppKit.h";
				INFOPLIST_FILE = "KeywordManagerPreferences-Info.plist";
				INSTALL_PATH = "$(USER_LIBRARY_DIR)/Bundles";
				OTHER_CFLAGS = "";
				OTHER_LDFLAGS = "-framework Foundation -framework AppKit";
				OTHER_REZFLAGS = "";
				PRODUCT_NAME = KeywordManagerPreferences;
				SECTORDER_FLAGS = "";
				WARNING_CFLAGS = "-Wmost -Wno-four-char-constants -Wno-unknown-pragmas";
				WRAPPER_EXTENSION = cqvPref;
			};
			dependencies = (
			);
			isa = PBXNativeTarget;
			name = KeywordManagerPreferences;
			productName = KeywordManagerPreferences;
			productReference = 8BA1243507D26EC700614FF4;
			productSettingsXML = "<?xml version=\"1.0\" encoding=\"UTF-8\"?>
<!DOCTYPE plist PUBLIC \"-//Apple Computer//DTD PLIST 1.0//EN\" \"http://www.apple.com/DTDs/PropertyList-1.0.dtd\">
<plist version=\"1.0\">
<dict>
	<key>CFBundleDevelopmentRegion</key>
	<string>English</string>
	<key>CFBundleExecutable</key>
	<string>KeywordManagerPreferences</string>
	<key>CFBundleIdentifier</key>
	<string>com.yourcompany.KeywordManagerPreferences</string>
	<key>CFBundleInfoDictionaryVersion</key>
	<string>6.0</string>
	<key>CFBundlePackageType</key>
	<string>APPL</string>
	<key>CFBundleSignature</key>
	<string>????</string>
	<key>CFBundleVersion</key>
	<string>1.0</string>
</dict>
</plist>
";
			productType = "com.apple.product-type.bundle";
		};
		8BA1243507D26EC700614FF4 = {
			explicitFileType = wrapper.cfbundle;
			includeInIndex = 0;
			isa = PBXFileReference;
			path = KeywordManagerPreferences.cqvPref;
			refType = 3;
			sourceTree = BUILT_PRODUCTS_DIR;
		};
		8BA1243607D26EC700614FF4 = {
			isa = PBXFileReference;
			lastKnownFileType = text.xml;
			name = "KeywordManagerPreferences-Info.plist";
			path = "Components/KeywordManagerPreferences/KeywordManagerPreferences-Info.plist";
			refType = 4;
			sourceTree = "<group>";
		};
		8BA1243807D26F1500614FF4 = {
			containerPortal = 29B97313FDCFA39411CA2CEA;
			isa = PBXContainerItemProxy;
			proxyType = 1;
			remoteGlobalIDString = 8BA1243407D26EC700614FF4;
			remoteInfo = KeywordManagerPreferences;
		};
		8BA1243907D26F1500614FF4 = {
			isa = PBXTargetDependency;
			target = 8BA1243407D26EC700614FF4;
			targetProxy = 8BA1243807D26F1500614FF4;
		};
		8BA1243A07D26F2A00614FF4 = {
			fileEncoding = 4;
			isa = PBXFileReference;
			lastKnownFileType = sourcecode.c.h;
			name = KeywordManagerPreferences.h;
			path = Components/KeywordManagerPreferences/KeywordManagerPreferences.h;
			refType = 4;
			sourceTree = "<group>";
		};
		8BA1243B07D26F2A00614FF4 = {
			fileEncoding = 4;
			isa = PBXFileReference;
			lastKnownFileType = sourcecode.c.objc;
			name = KeywordManagerPreferences.m;
			path = Components/KeywordManagerPreferences/KeywordManagerPreferences.m;
			refType = 4;
			sourceTree = "<group>";
		};
		8BA1243D07D26F2A00614FF4 = {
			fileRef = 8BA1243B07D26F2A00614FF4;
			isa = PBXBuildFile;
			settings = {
			};
		};
		8BA124AC07D2816300614FF4 = {
			fileEncoding = 4;
			isa = PBXFileReference;
			lastKnownFileType = sourcecode.c.h;
			path = KeywordNode.h;
			refType = 4;
			sourceTree = "<group>";
		};
		8BA124AD07D2816300614FF4 = {
			fileEncoding = 4;
			isa = PBXFileReference;
			lastKnownFileType = sourcecode.c.objc;
			path = KeywordNode.m;
			refType = 4;
			sourceTree = "<group>";
		};
		8BA124AF07D2816300614FF4 = {
			fileRef = 8BA124AD07D2816300614FF4;
			isa = PBXBuildFile;
			settings = {
			};
		};
		8BA1253707D2845D00614FF4 = {
			fileRef = 8BA1243507D26EC700614FF4;
			isa = PBXBuildFile;
			settings = {
			};
		};
		8BAD1DAF07DE8F9E000CBEA0 = {
			children = (
				8BAD1DB007DE8F9E000CBEA0,
			);
			isa = PBXVariantGroup;
			name = "VitaminSEE Help";
			path = "";
			refType = 4;
			sourceTree = "<group>";
		};
		8BAD1DB007DE8F9E000CBEA0 = {
			isa = PBXFileReference;
			lastKnownFileType = folder;
			name = English;
			path = "English.lproj/VitaminSEE Help";
			refType = 4;
			sourceTree = "<group>";
		};
		8BAD1DC507DE8FD0000CBEA0 = {
			fileRef = 8BAD1DAF07DE8F9E000CBEA0;
			isa = PBXBuildFile;
			settings = {
			};
		};
		8BAF0F3A07CE6DAA00B0C832 = {
			buildActionMask = 2147483647;
			files = (
				8BAF0F4407CE6E1800B0C832,
				8B561DF907CE78F9005990E1,
				8B5E14E20814662200897347,
			);
			isa = PBXResourcesBuildPhase;
			runOnlyForDeploymentPostprocessing = 0;
		};
		8BAF0F3B07CE6DAA00B0C832 = {
			buildActionMask = 2147483647;
			files = (
				8BAF0F4E07CE6E5200B0C832,
			);
			isa = PBXSourcesBuildPhase;
			runOnlyForDeploymentPostprocessing = 0;
		};
		8BAF0F3C07CE6DAA00B0C832 = {
			buildActionMask = 2147483647;
			files = (
				8BAF0F4807CE6E2300B0C832,
			);
			isa = PBXFrameworksBuildPhase;
			runOnlyForDeploymentPostprocessing = 0;
		};
		8BAF0F3D07CE6DAA00B0C832 = {
			buildPhases = (
				8BAF0F3A07CE6DAA00B0C832,
				8BAF0F3B07CE6DAA00B0C832,
				8BAF0F3C07CE6DAA00B0C832,
			);
			buildRules = (
			);
			buildSettings = {
				DEPLOYMENT_POSTPROCESSING = YES;
				GCC_PRECOMPILE_PREFIX_HEADER = YES;
				GCC_PREFIX_HEADER = "$(SYSTEM_LIBRARY_DIR)/Frameworks/AppKit.framework/Headers/AppKit.h";
				INFOPLIST_FILE = "GeneralPreferences-Info.plist";
				INSTALL_PATH = "$(USER_LIBRARY_DIR)/Bundles";
				OTHER_CFLAGS = "";
				OTHER_LDFLAGS = "-framework Foundation -framework AppKit";
				OTHER_REZFLAGS = "";
				PRODUCT_NAME = GeneralPreferences;
				SECTORDER_FLAGS = "";
				WARNING_CFLAGS = "-Wmost -Wno-four-char-constants -Wno-unknown-pragmas";
				WRAPPER_EXTENSION = cqvPref;
			};
			dependencies = (
			);
			isa = PBXNativeTarget;
			name = GeneralPreferences;
			productName = GeneralPreferences;
			productReference = 8BAF0F3E07CE6DAA00B0C832;
			productSettingsXML = "<?xml version=\"1.0\" encoding=\"UTF-8\"?>
<!DOCTYPE plist PUBLIC \"-//Apple Computer//DTD PLIST 1.0//EN\" \"http://www.apple.com/DTDs/PropertyList-1.0.dtd\">
<plist version=\"1.0\">
<dict>
	<key>CFBundleDevelopmentRegion</key>
	<string>English</string>
	<key>CFBundleExecutable</key>
	<string>GeneralPreferences</string>
	<key>CFBundleIdentifier</key>
	<string>com.yourcompany.GeneralPreferences</string>
	<key>CFBundleInfoDictionaryVersion</key>
	<string>6.0</string>
	<key>CFBundlePackageType</key>
	<string>APPL</string>
	<key>CFBundleSignature</key>
	<string>????</string>
	<key>CFBundleVersion</key>
	<string>1.0</string>
</dict>
</plist>
";
			productType = "com.apple.product-type.bundle";
		};
		8BAF0F3E07CE6DAA00B0C832 = {
			explicitFileType = wrapper.cfbundle;
			includeInIndex = 0;
			isa = PBXFileReference;
			path = GeneralPreferences.cqvPref;
			refType = 3;
			sourceTree = BUILT_PRODUCTS_DIR;
		};
		8BAF0F3F07CE6DAA00B0C832 = {
			isa = PBXFileReference;
			lastKnownFileType = text.xml;
			name = "GeneralPreferences-Info.plist";
			path = "Components/GeneralPreferences/GeneralPreferences-Info.plist";
			refType = 4;
			sourceTree = "<group>";
		};
		8BAF0F4407CE6E1800B0C832 = {
			fileRef = 8BAF0F3F07CE6DAA00B0C832;
			isa = PBXBuildFile;
			settings = {
			};
		};
		8BAF0F4807CE6E2300B0C832 = {
			fileRef = 1058C7A1FEA54F0111CA2CBB;
			isa = PBXBuildFile;
			settings = {
			};
		};
		8BAF0F4B07CE6E5200B0C832 = {
			fileEncoding = 4;
			isa = PBXFileReference;
			lastKnownFileType = sourcecode.c.h;
			name = GeneralPreferencesController.h;
			path = Components/GeneralPreferences/GeneralPreferencesController.h;
			refType = 4;
			sourceTree = "<group>";
		};
		8BAF0F4C07CE6E5200B0C832 = {
			fileEncoding = 4;
			isa = PBXFileReference;
			lastKnownFileType = sourcecode.c.objc;
			name = GeneralPreferencesController.m;
			path = Components/GeneralPreferences/GeneralPreferencesController.m;
			refType = 4;
			sourceTree = "<group>";
		};
		8BAF0F4E07CE6E5200B0C832 = {
			fileRef = 8BAF0F4C07CE6E5200B0C832;
			isa = PBXBuildFile;
			settings = {
			};
		};
		8BB7F55C07F0B9B200668047 = {
			explicitFileType = text;
			fileEncoding = 4;
			isa = PBXFileReference;
			path = Changelog;
			refType = 4;
			sourceTree = "<group>";
		};
		8BB7F55D07F0B9B200668047 = {
			fileRef = 8BB7F55C07F0B9B200668047;
			isa = PBXBuildFile;
			settings = {
			};
		};
		8BBC34B907E13E52007C3B6B = {
			isa = PBXFileReference;
			lastKnownFileType = image.icns;
			name = ToolbarDeleteIcon.icns;
			path = Resources/ToolbarDeleteIcon.icns;
			refType = 4;
			sourceTree = "<group>";
		};
		8BBC34BA07E13E53007C3B6B = {
			fileRef = 8BBC34B907E13E52007C3B6B;
			isa = PBXBuildFile;
			settings = {
			};
		};
		8BBC35D607E221D4007C3B6B = {
			isa = PBXFileReference;
			lastKnownFileType = image.icns;
			name = ToolbarPicturesFolderIcon.icns;
			path = Resources/ToolbarPicturesFolderIcon.icns;
			refType = 4;
			sourceTree = "<group>";
		};
		8BBC35D707E221D4007C3B6B = {
			fileRef = 8BBC35D607E221D4007C3B6B;
			isa = PBXBuildFile;
			settings = {
			};
		};
		8BBC35E907E222BF007C3B6B = {
			isa = PBXFileReference;
			lastKnownFileType = image.icns;
			name = HomeFolderIcon.icns;
			path = Resources/HomeFolderIcon.icns;
			refType = 4;
			sourceTree = "<group>";
		};
		8BBC35EA07E222BF007C3B6B = {
			fileRef = 8BBC35E907E222BF007C3B6B;
			isa = PBXBuildFile;
			settings = {
			};
		};
		8BC27DA707ECF9B300B56836 = {
			fileEncoding = 30;
			isa = PBXFileReference;
			lastKnownFileType = text;
			name = English;
			path = English.lproj/GPL.txt;
			refType = 4;
			sourceTree = "<group>";
		};
		8BC6662807BFCF880075F57F = {
			fileEncoding = 30;
			isa = PBXFileReference;
			lastKnownFileType = sourcecode.c.h;
			name = SortManagerController.h;
			path = Components/SortManager/SortManagerController.h;
			refType = 4;
			sourceTree = "<group>";
		};
		8BC6662907BFCF880075F57F = {
			fileEncoding = 30;
			isa = PBXFileReference;
			lastKnownFileType = sourcecode.c.objc;
			name = SortManagerController.m;
			path = Components/SortManager/SortManagerController.m;
			refType = 4;
			sourceTree = "<group>";
		};
		8BC727C207CF1D18003103C0 = {
			children = (
				8B5E14D0081463A400897347,
				8BEA492107D7A7D7001ADD2E,
				8BEA492207D7A7D7001ADD2E,
				8BEA491807D7A73E001ADD2E,
			);
			isa = PBXGroup;
			name = KeywordManager;
			refType = 4;
			sourceTree = "<group>";
		};
		8BC727C707CF1E82003103C0 = {
			children = (
				8B5E14C7081462CB00897347,
				8BDEE8D807E781890024BF72,
				8BA1243A07D26F2A00614FF4,
				8BA1243B07D26F2A00614FF4,
				8BA1243607D26EC700614FF4,
			);
			isa = PBXGroup;
			name = KeywordManagerPreferences;
			refType = 4;
			sourceTree = "<group>";
		};
		8BC8F93807F20EC700C66290 = {
			children = (
				8B5E14BC0814615200897347,
				8B87411007BA9D9F00EF7923,
				8B87410F07BA9D9F00EF7923,
				8BF72B0607B9E78F003A3C82,
				8BF72B0507B9E78F003A3C82,
				8BC8F94907F2102000C66290,
			);
			isa = PBXGroup;
			name = ViewAsIconsFileView;
			refType = 4;
			sourceTree = "<group>";
		};
		8BC8F94407F2102000C66290 = {
			buildActionMask = 2147483647;
			files = (
				8B4FDA11080713B00016CABC,
				8B5E14BE0814615200897347,
			);
			isa = PBXResourcesBuildPhase;
			runOnlyForDeploymentPostprocessing = 0;
		};
		8BC8F94507F2102000C66290 = {
			buildActionMask = 2147483647;
			files = (
				8B4FDA12080713B90016CABC,
				8B4FDA13080713B90016CABC,
			);
			isa = PBXSourcesBuildPhase;
			runOnlyForDeploymentPostprocessing = 0;
		};
		8BC8F94607F2102000C66290 = {
			buildActionMask = 2147483647;
			files = (
				8B4FDA0A0807139D0016CABC,
			);
			isa = PBXFrameworksBuildPhase;
			runOnlyForDeploymentPostprocessing = 0;
		};
		8BC8F94707F2102000C66290 = {
			buildPhases = (
				8BC8F94407F2102000C66290,
				8BC8F94507F2102000C66290,
				8BC8F94607F2102000C66290,
			);
			buildRules = (
			);
			buildSettings = {
				COPY_PHASE_STRIP = NO;
				DEPLOYMENT_POSTPROCESSING = NO;
				GCC_PRECOMPILE_PREFIX_HEADER = YES;
				GCC_PREFIX_HEADER = "$(SYSTEM_LIBRARY_DIR)/Frameworks/AppKit.framework/Headers/AppKit.h";
				INFOPLIST_FILE = "ViewAsIconsFileView-Info.plist";
				INSTALL_PATH = "$(USER_LIBRARY_DIR)/Bundles";
				OTHER_CFLAGS = "";
				OTHER_LDFLAGS = "-framework Foundation -framework AppKit";
				OTHER_REZFLAGS = "";
				PRODUCT_NAME = ViewAsIconsFileView;
				SECTORDER_FLAGS = "";
				WARNING_CFLAGS = "-Wmost -Wno-four-char-constants -Wno-unknown-pragmas";
			};
			dependencies = (
			);
			isa = PBXNativeTarget;
			name = ViewAsIconsFileView;
			productName = ViewAsIconsFileView;
			productReference = 8BC8F94807F2102000C66290;
			productSettingsXML = "<?xml version=\"1.0\" encoding=\"UTF-8\"?>
<!DOCTYPE plist PUBLIC \"-//Apple Computer//DTD PLIST 1.0//EN\" \"http://www.apple.com/DTDs/PropertyList-1.0.dtd\">
<plist version=\"1.0\">
<dict>
	<key>CFBundleDevelopmentRegion</key>
	<string>English</string>
	<key>CFBundleExecutable</key>
	<string>ViewAsIconsFileView</string>
	<key>CFBundleIdentifier</key>
	<string>com.yourcompany.ViewAsIconsFileView</string>
	<key>CFBundleInfoDictionaryVersion</key>
	<string>6.0</string>
	<key>CFBundlePackageType</key>
	<string>APPL</string>
	<key>CFBundleSignature</key>
	<string>????</string>
	<key>CFBundleVersion</key>
	<string>1.0</string>
</dict>
</plist>
";
			productType = "com.apple.product-type.bundle";
		};
		8BC8F94807F2102000C66290 = {
			explicitFileType = wrapper.cfbundle;
			includeInIndex = 0;
			isa = PBXFileReference;
			path = ViewAsIconsFileView.bundle;
			refType = 3;
			sourceTree = BUILT_PRODUCTS_DIR;
		};
		8BC8F94907F2102000C66290 = {
			isa = PBXFileReference;
			lastKnownFileType = text.xml;
			name = "ViewAsIconsFileView-Info.plist";
			path = "Components/ViewAsIconsView/ViewAsIconsFileView-Info.plist";
			refType = 4;
			sourceTree = "<group>";
		};
		8BC8F94B07F2103100C66290 = {
			containerPortal = 29B97313FDCFA39411CA2CEA;
			isa = PBXContainerItemProxy;
			proxyType = 1;
			remoteGlobalIDString = 8BC8F94707F2102000C66290;
			remoteInfo = ViewAsIconsFileView;
		};
		8BC8F94C07F2103100C66290 = {
			isa = PBXTargetDependency;
			target = 8BC8F94707F2102000C66290;
			targetProxy = 8BC8F94B07F2103100C66290;
		};
		8BC8F96507F211F900C66290 = {
			fileEncoding = 4;
			isa = PBXFileReference;
			lastKnownFileType = sourcecode.c.h;
			path = AppKitAdditions.h;
			refType = 4;
			sourceTree = "<group>";
		};
		8BC8F96607F211F900C66290 = {
			fileEncoding = 4;
			isa = PBXFileReference;
			lastKnownFileType = sourcecode.c.objc;
			path = AppKitAdditions.m;
			refType = 4;
			sourceTree = "<group>";
		};
		8BC8F96807F211F900C66290 = {
			fileRef = 8BC8F96607F211F900C66290;
			isa = PBXBuildFile;
			settings = {
			};
		};
		8BD011D807A99DFB00AA4BAA = {
			fileEncoding = 30;
			isa = PBXFileReference;
			lastKnownFileType = sourcecode.c.h;
			path = VitaminSEEController.h;
			refType = 4;
			sourceTree = "<group>";
		};
		8BD011D907A99DFB00AA4BAA = {
			fileEncoding = 4;
			isa = PBXFileReference;
			lastKnownFileType = sourcecode.c.objc;
			path = VitaminSEEController.m;
			refType = 4;
			sourceTree = "<group>";
		};
		8BD011DB07A99DFB00AA4BAA = {
			fileRef = 8BD011D907A99DFB00AA4BAA;
			isa = PBXBuildFile;
			settings = {
			};
		};
		8BDEE8D807E781890024BF72 = {
			isa = PBXFileReference;
			lastKnownFileType = image.png;
			name = KeywordManager.png;
			path = Components/KeywordManagerPreferences/KeywordManager.png;
			refType = 4;
			sourceTree = "<group>";
		};
		8BDEE8D907E7818A0024BF72 = {
			fileRef = 8BDEE8D807E781890024BF72;
			isa = PBXBuildFile;
			settings = {
			};
		};
		8BE97E2307ACD46B005D384C = {
			fileEncoding = 4;
			isa = PBXFileReference;
			lastKnownFileType = sourcecode.c.h;
			path = ToolbarDelegate.h;
			refType = 4;
			sourceTree = "<group>";
		};
		8BE97E2407ACD46B005D384C = {
			fileEncoding = 4;
			isa = PBXFileReference;
			lastKnownFileType = sourcecode.c.objc;
			path = ToolbarDelegate.m;
			refType = 4;
			sourceTree = "<group>";
		};
		8BE97E2607ACD46B005D384C = {
			fileRef = 8BE97E2407ACD46B005D384C;
			isa = PBXBuildFile;
			settings = {
			};
		};
		8BEA47F507D69F30001ADD2E = {
			fileRef = 8BA124AD07D2816300614FF4;
			isa = PBXBuildFile;
			settings = {
			};
		};
		8BEA491307D7A73E001ADD2E = {
			buildActionMask = 2147483647;
			files = (
				8B5380E207DD86BC00BA7CFF,
				8B5E14D2081463A400897347,
			);
			isa = PBXResourcesBuildPhase;
			runOnlyForDeploymentPostprocessing = 0;
		};
		8BEA491407D7A73E001ADD2E = {
			buildActionMask = 2147483647;
			files = (
				8BEA4A7C07D7D0BF001ADD2E,
				8BEA492407D7A7D7001ADD2E,
			);
			isa = PBXSourcesBuildPhase;
			runOnlyForDeploymentPostprocessing = 0;
		};
		8BEA491507D7A73E001ADD2E = {
			buildActionMask = 2147483647;
			files = (
			);
			isa = PBXFrameworksBuildPhase;
			runOnlyForDeploymentPostprocessing = 0;
		};
		8BEA491607D7A73E001ADD2E = {
			buildPhases = (
				8BEA491307D7A73E001ADD2E,
				8BEA491407D7A73E001ADD2E,
				8BEA491507D7A73E001ADD2E,
			);
			buildRules = (
			);
			buildSettings = {
				DEPLOYMENT_POSTPROCESSING = YES;
				GCC_PRECOMPILE_PREFIX_HEADER = YES;
				GCC_PREFIX_HEADER = "$(SYSTEM_LIBRARY_DIR)/Frameworks/AppKit.framework/Headers/AppKit.h";
				INFOPLIST_FILE = "KeywordManager-Info.plist";
				INSTALL_PATH = "$(USER_LIBRARY_DIR)/Bundles";
				OTHER_CFLAGS = "";
				OTHER_LDFLAGS = "-framework Foundation -framework AppKit";
				OTHER_REZFLAGS = "";
				PRODUCT_NAME = KeywordManager;
				SECTORDER_FLAGS = "";
				WARNING_CFLAGS = "-Wmost -Wno-four-char-constants -Wno-unknown-pragmas";
				WRAPPER_EXTENSION = cqvPlugin;
			};
			dependencies = (
			);
			isa = PBXNativeTarget;
			name = KeywordManager;
			productName = KeywordManager;
			productReference = 8BEA491707D7A73E001ADD2E;
			productSettingsXML = "<?xml version=\"1.0\" encoding=\"UTF-8\"?>
<!DOCTYPE plist PUBLIC \"-//Apple Computer//DTD PLIST 1.0//EN\" \"http://www.apple.com/DTDs/PropertyList-1.0.dtd\">
<plist version=\"1.0\">
<dict>
	<key>CFBundleDevelopmentRegion</key>
	<string>English</string>
	<key>CFBundleExecutable</key>
	<string>KeywordManager</string>
	<key>CFBundleIdentifier</key>
	<string>com.yourcompany.KeywordManager</string>
	<key>CFBundleInfoDictionaryVersion</key>
	<string>6.0</string>
	<key>CFBundlePackageType</key>
	<string>APPL</string>
	<key>CFBundleSignature</key>
	<string>????</string>
	<key>CFBundleVersion</key>
	<string>1.0</string>
</dict>
</plist>
";
			productType = "com.apple.product-type.bundle";
		};
		8BEA491707D7A73E001ADD2E = {
			explicitFileType = wrapper.cfbundle;
			includeInIndex = 0;
			isa = PBXFileReference;
			path = KeywordManager.cqvPlugin;
			refType = 3;
			sourceTree = BUILT_PRODUCTS_DIR;
		};
		8BEA491807D7A73E001ADD2E = {
			isa = PBXFileReference;
			lastKnownFileType = text.xml;
			name = "KeywordManager-Info.plist";
			path = "Components/KeywordManager/KeywordManager-Info.plist";
			refType = 4;
			sourceTree = "<group>";
		};
		8BEA491B07D7A78F001ADD2E = {
			fileRef = 8BEA491707D7A73E001ADD2E;
			isa = PBXBuildFile;
			settings = {
			};
		};
		8BEA492107D7A7D7001ADD2E = {
			fileEncoding = 4;
			isa = PBXFileReference;
			lastKnownFileType = sourcecode.c.h;
			name = KeywordManagerController.h;
			path = Components/KeywordManager/KeywordManagerController.h;
			refType = 4;
			sourceTree = "<group>";
		};
		8BEA492207D7A7D7001ADD2E = {
			fileEncoding = 4;
			isa = PBXFileReference;
			lastKnownFileType = sourcecode.c.objc;
			name = KeywordManagerController.m;
			path = Components/KeywordManager/KeywordManagerController.m;
			refType = 4;
			sourceTree = "<group>";
		};
		8BEA492407D7A7D7001ADD2E = {
			fileRef = 8BEA492207D7A7D7001ADD2E;
			isa = PBXBuildFile;
			settings = {
			};
		};
		8BEA495607D7A9D0001ADD2E = {
			containerPortal = 29B97313FDCFA39411CA2CEA;
			isa = PBXContainerItemProxy;
			proxyType = 1;
			remoteGlobalIDString = 8BEA491607D7A73E001ADD2E;
			remoteInfo = KeywordManager;
		};
		8BEA495707D7A9D0001ADD2E = {
			isa = PBXTargetDependency;
			target = 8BEA491607D7A73E001ADD2E;
			targetProxy = 8BEA495607D7A9D0001ADD2E;
		};
		8BEA4A7C07D7D0BF001ADD2E = {
			fileRef = 8BA124AD07D2816300614FF4;
			isa = PBXBuildFile;
			settings = {
			};
		};
		8BF72A8707B9D14C003A3C82 = {
			fileEncoding = 4;
			isa = PBXFileReference;
			lastKnownFileType = sourcecode.c.h;
			path = "NSString+FileTasks.h";
			refType = 4;
			sourceTree = "<group>";
		};
		8BF72A8807B9D14C003A3C82 = {
			fileEncoding = 4;
			isa = PBXFileReference;
			lastKnownFileType = sourcecode.c.objc;
			path = "NSString+FileTasks.m";
			refType = 4;
			sourceTree = "<group>";
		};
		8BF72A8A07B9D14C003A3C82 = {
			fileRef = 8BF72A8807B9D14C003A3C82;
			isa = PBXBuildFile;
			settings = {
			};
		};
		8BF72B0507B9E78F003A3C82 = {
			fileEncoding = 4;
			isa = PBXFileReference;
			lastKnownFileType = sourcecode.c.h;
			name = ViewIconViewController.h;
			path = Components/ViewAsIconsView/ViewIconViewController.h;
			refType = 4;
			sourceTree = "<group>";
		};
		8BF72B0607B9E78F003A3C82 = {
			fileEncoding = 4;
			isa = PBXFileReference;
			lastKnownFileType = sourcecode.c.objc;
			name = ViewIconViewController.m;
			path = Components/ViewAsIconsView/ViewIconViewController.m;
			refType = 4;
			sourceTree = "<group>";
		};
		8BFA0B4C07DAF79C004F72AA = {
			fileEncoding = 4;
			isa = PBXFileReference;
			lastKnownFileType = sourcecode.c.h;
			path = FileView.h;
			refType = 4;
			sourceTree = "<group>";
		};
		8BFDA9740805C0980097504B = {
			fileEncoding = 4;
			isa = PBXFileReference;
			lastKnownFileType = sourcecode.c.h;
			path = PluginLayer.h;
			refType = 4;
			sourceTree = "<group>";
		};
		8BFDA9750805C0980097504B = {
			fileEncoding = 4;
			isa = PBXFileReference;
			lastKnownFileType = sourcecode.c.objc;
			path = PluginLayer.m;
			refType = 4;
			sourceTree = "<group>";
		};
		8BFDA9770805C0980097504B = {
			fileRef = 8BFDA9750805C0980097504B;
			isa = PBXBuildFile;
			settings = {
			};
		};
//8B0
//8B1
//8B2
//8B3
//8B4
//8D0
//8D1
//8D2
//8D3
//8D4
		8D1107260486CEB800E47090 = {
			buildPhases = (
				8B6D020207CB32C0009A76DA,
				8D1107290486CEB800E47090,
				8D11072C0486CEB800E47090,
				8D11072E0486CEB800E47090,
				8B53806907DD6F6D00BA7CFF,
			);
			buildRules = (
			);
			buildSettings = {
				DEAD_CODE_STRIPPING = YES;
				DEPLOYMENT_POSTPROCESSING = YES;
				GCC_ENABLE_OBJC_EXCEPTIONS = YES;
				GCC_GENERATE_DEBUGGING_SYMBOLS = NO;
				GCC_PRECOMPILE_PREFIX_HEADER = YES;
				GCC_PREFIX_HEADER = VitaminSEE_Prefix.pch;
				GCC_TREAT_WARNINGS_AS_ERRORS = NO;
				GCC_WARN_UNUSED_VALUE = YES;
				GCC_WARN_UNUSED_VARIABLE = YES;
				INFOPLIST_FILE = Info.plist;
				INSTALL_PATH = "$(HOME)/Applications";
				PREBINDING = YES;
				PRODUCT_NAME = VitaminSEE;
				WRAPPER_EXTENSION = app;
			};
			dependencies = (
				8B6D025607CBC6A8009A76DA,
				8B561D9F07CE767A005990E1,
				8B5620E307CEA700005990E1,
				8BA1243907D26F1500614FF4,
				8BEA495707D7A9D0001ADD2E,
				8B8364CE07E0EEAE00F3C880,
				8BC8F94C07F2103100C66290,
				8B4FDB8E08071AC40016CABC,
			);
			isa = PBXNativeTarget;
			name = VitaminSEE;
			productInstallPath = "$(HOME)/Applications";
			productName = VitaminSEE;
			productReference = 8D1107320486CEB800E47090;
			productType = "com.apple.product-type.application";
		};
		8D1107290486CEB800E47090 = {
			buildActionMask = 2147483647;
			files = (
				8B7E6D9E080B40EC00DD5466,
				8B7E6D9D080B40EC00DD5466,
				8B6A9178080784F40085334A,
				8BB7F55D07F0B9B200668047,
				8B5279710801D4CB0032F515,
				8B6B0AA50804F50F007655EB,
				8BBC35EA07E222BF007C3B6B,
				8BBC35D707E221D4007C3B6B,
				8BBC34BA07E13E53007C3B6B,
				8B32703D07E137A400FBD945,
				8B32703E07E137A400FBD945,
				8B32703F07E137A400FBD945,
				8B32704007E137A400FBD945,
				8B7BD1FC07DFB84B0050FB25,
				8BAD1DC507DE8FD0000CBEA0,
				8D11072A0486CEB800E47090,
				8D11072B0486CEB800E47090,
			);
			isa = PBXResourcesBuildPhase;
			runOnlyForDeploymentPostprocessing = 0;
		};
		8D11072A0486CEB800E47090 = {
			fileRef = 29B97318FDCFA39411CA2CEA;
			isa = PBXBuildFile;
			settings = {
			};
		};
		8D11072B0486CEB800E47090 = {
			fileRef = 089C165CFE840E0CC02AAC07;
			isa = PBXBuildFile;
			settings = {
			};
		};
		8D11072C0486CEB800E47090 = {
			buildActionMask = 2147483647;
			files = (
				8D11072D0486CEB800E47090,
				8BD011DB07A99DFB00AA4BAA,
				8BE97E2607ACD46B005D384C,
				8B6FCF9B07B1E200003F0000,
				8B6FD33507B30B0F003F0000,
				8B7C0C3D07B5FEB5005DB6FF,
				8B4A5A9407B74EDC00F30E03,
				8B4A5A9607B74EDC00F30E03,
				8B5D5E2C07B8215E00957950,
				8BF72A8A07B9D14C003A3C82,
				8B6D015707CB23A0009A76DA,
				8B6D01C207CB2EA2009A76DA,
				8B56209E07CEA204005990E1,
				8BA124AF07D2816300614FF4,
				8B3CB1A507EA82CE0086353C,
				8BC8F96807F211F900C66290,
				8BFDA9770805C0980097504B,
				8B6A96F40807ABD10085334A,
				8B3E9C30080B0FE5009D39C6,
				8B3E9CAC080B154C009D39C6,
				8B7E6DA8080B419500DD5466,
				8B6710B2080C9BE00084EE5A,
			);
			isa = PBXSourcesBuildPhase;
			runOnlyForDeploymentPostprocessing = 0;
		};
		8D11072D0486CEB800E47090 = {
			fileRef = 29B97316FDCFA39411CA2CEA;
			isa = PBXBuildFile;
			settings = {
				ATTRIBUTES = (
				);
			};
		};
		8D11072E0486CEB800E47090 = {
			buildActionMask = 2147483647;
			files = (
				8D11072F0486CEB800E47090,
				8B5EB13507CD254F00B43D06,
			);
			isa = PBXFrameworksBuildPhase;
			runOnlyForDeploymentPostprocessing = 0;
		};
		8D11072F0486CEB800E47090 = {
			fileRef = 1058C7A1FEA54F0111CA2CBB;
			isa = PBXBuildFile;
			settings = {
			};
		};
		8D1107310486CEB800E47090 = {
			fileEncoding = 4;
			isa = PBXFileReference;
			lastKnownFileType = text.plist;
			path = Info.plist;
			refType = 4;
			sourceTree = "<group>";
		};
		8D1107320486CEB800E47090 = {
			explicitFileType = wrapper.application;
			includeInIndex = 0;
			isa = PBXFileReference;
			path = VitaminSEE.app;
			refType = 3;
			sourceTree = BUILT_PRODUCTS_DIR;
		};
	};
	rootObject = 29B97313FDCFA39411CA2CEA;
}
