// !$*UTF8*$!
{
	archiveVersion = 1;
	classes = {
	};
	objectVersion = 39;
	objects = {
		014CEA440018CDF011CA2923 = {
			buildSettings = {
				COPY_PHASE_STRIP = NO;
				GCC_DYNAMIC_NO_PIC = NO;
				GCC_ENABLE_FIX_AND_CONTINUE = YES;
				GCC_GENERATE_DEBUGGING_SYMBOLS = YES;
				GCC_OPTIMIZATION_LEVEL = 0;
				ZERO_LINK = YES;
			};
			isa = PBXBuildStyle;
			name = Development;
		};
		014CEA450018CDF011CA2923 = {
			buildSettings = {
				COPY_PHASE_STRIP = YES;
				GCC_ENABLE_FIX_AND_CONTINUE = NO;
				ZERO_LINK = NO;
			};
			isa = PBXBuildStyle;
			name = Deployment;
		};
//010
//011
//012
//013
//014
//030
//031
//032
//033
//034
		034768DFFF38A50411DB9C8B = {
			children = (
				8DC2EF5B0486A6940098B216,
			);
			isa = PBXGroup;
			name = Products;
			refType = 4;
			sourceTree = "<group>";
		};
//030
//031
//032
//033
//034
//080
//081
//082
//083
//084
		0867D690FE84028FC02AAC07 = {
			buildSettings = {
			};
			buildStyles = (
				014CEA440018CDF011CA2923,
				014CEA450018CDF011CA2923,
			);
			hasScannedForEncodings = 1;
			isa = PBXProject;
			mainGroup = 0867D691FE84028FC02AAC07;
			productRefGroup = 034768DFFF38A50411DB9C8B;
			projectDirPath = "";
			targets = (
				8DC2EF4F0486A6940098B216,
			);
		};
		0867D691FE84028FC02AAC07 = {
			children = (
				8B07AB5907DD5AD800E38678,
				08FB77AEFE84172EC02AAC07,
				32C88DFF0371C24200C91783,
				089C1665FE841158C02AAC07,
				0867D69AFE84028FC02AAC07,
				034768DFFF38A50411DB9C8B,
			);
			isa = PBXGroup;
			name = Exiv2;
			refType = 4;
			sourceTree = "<group>";
		};
		0867D69AFE84028FC02AAC07 = {
			children = (
				1058C7B0FEA5585E11CA2CBB,
				1058C7B2FEA5585E11CA2CBB,
			);
			isa = PBXGroup;
			name = "External Frameworks and Libraries";
			refType = 4;
			sourceTree = "<group>";
		};
		0867D69BFE84028FC02AAC07 = {
			isa = PBXFileReference;
			lastKnownFileType = wrapper.framework;
			name = Foundation.framework;
			path = /System/Library/Frameworks/Foundation.framework;
			refType = 0;
			sourceTree = "<absolute>";
		};
		0867D6A5FE840307C02AAC07 = {
			isa = PBXFileReference;
			lastKnownFileType = wrapper.framework;
			name = AppKit.framework;
			path = /System/Library/Frameworks/AppKit.framework;
			refType = 0;
			sourceTree = "<absolute>";
		};
		089C1665FE841158C02AAC07 = {
			children = (
				8DC2EF5A0486A6940098B216,
				089C1666FE841158C02AAC07,
			);
			isa = PBXGroup;
			name = Resources;
			refType = 4;
			sourceTree = "<group>";
		};
		089C1666FE841158C02AAC07 = {
			children = (
				089C1667FE841158C02AAC07,
			);
			isa = PBXVariantGroup;
			name = InfoPlist.strings;
			refType = 4;
			sourceTree = "<group>";
		};
		089C1667FE841158C02AAC07 = {
			fileEncoding = 10;
			isa = PBXFileReference;
			lastKnownFileType = text.plist.strings;
			name = English;
			path = English.lproj/InfoPlist.strings;
			refType = 4;
			sourceTree = "<group>";
		};
		08FB77AEFE84172EC02AAC07 = {
			children = (
				8B07AB3D07DD5AD200E38678,
				8B07AB3E07DD5AD200E38678,
				8B07AB3F07DD5AD200E38678,
				8B07AB4007DD5AD200E38678,
				8B07AB4107DD5AD200E38678,
				8B07AB4207DD5AD200E38678,
				8B07AB4307DD5AD200E38678,
				8B07AB4407DD5AD200E38678,
				8B07AB4507DD5AD200E38678,
				8B07AB4607DD5AD200E38678,
				8B07AB4707DD5AD200E38678,
				8B07AB4807DD5AD200E38678,
				8B07AB4907DD5AD200E38678,
				8B07AB4A07DD5AD200E38678,
			);
			isa = PBXGroup;
			name = Classes;
			refType = 4;
			sourceTree = "<group>";
		};
//080
//081
//082
//083
//084
//100
//101
//102
//103
//104
		1058C7B0FEA5585E11CA2CBB = {
			children = (
				1058C7B1FEA5585E11CA2CBB,
			);
			isa = PBXGroup;
			name = "Linked Frameworks";
			refType = 4;
			sourceTree = "<group>";
		};
		1058C7B1FEA5585E11CA2CBB = {
			isa = PBXFileReference;
			lastKnownFileType = wrapper.framework;
			name = Cocoa.framework;
			path = /System/Library/Frameworks/Cocoa.framework;
			refType = 0;
			sourceTree = "<absolute>";
		};
		1058C7B2FEA5585E11CA2CBB = {
			children = (
				0867D69BFE84028FC02AAC07,
				0867D6A5FE840307C02AAC07,
			);
			isa = PBXGroup;
			name = "Other Frameworks";
			refType = 4;
			sourceTree = "<group>";
		};
//100
//101
//102
//103
//104
//320
//321
//322
//323
//324
		32C88DFF0371C24200C91783 = {
			children = (
				32DBCF5E0370ADEE00C91783,
			);
			isa = PBXGroup;
			name = "Other Sources";
			refType = 4;
			sourceTree = "<group>";
		};
		32DBCF5E0370ADEE00C91783 = {
			fileEncoding = 4;
			isa = PBXFileReference;
			lastKnownFileType = sourcecode.c.h;
			path = Exiv2_Prefix.pch;
			refType = 4;
			sourceTree = "<group>";
		};
//320
//321
//322
//323
//324
//8B0
//8B1
//8B2
//8B3
//8B4
		8B07AB3D07DD5AD200E38678 = {
			fileEncoding = 30;
			isa = PBXFileReference;
			lastKnownFileType = sourcecode.cpp.cpp;
			path = canonmn.cpp;
			refType = 4;
			sourceTree = "<group>";
		};
		8B07AB3E07DD5AD200E38678 = {
			fileEncoding = 30;
			isa = PBXFileReference;
			lastKnownFileType = sourcecode.cpp.cpp;
			path = datasets.cpp;
			refType = 4;
			sourceTree = "<group>";
		};
		8B07AB3F07DD5AD200E38678 = {
			fileEncoding = 30;
			isa = PBXFileReference;
			lastKnownFileType = sourcecode.cpp.cpp;
			path = exif.cpp;
			refType = 4;
			sourceTree = "<group>";
		};
		8B07AB4007DD5AD200E38678 = {
			fileEncoding = 30;
			isa = PBXFileReference;
			lastKnownFileType = sourcecode.cpp.cpp;
			path = fujimn.cpp;
			refType = 4;
			sourceTree = "<group>";
		};
		8B07AB4107DD5AD200E38678 = {
			fileEncoding = 30;
			isa = PBXFileReference;
			lastKnownFileType = sourcecode.cpp.cpp;
			path = ifd.cpp;
			refType = 4;
			sourceTree = "<group>";
		};
		8B07AB4207DD5AD200E38678 = {
			fileEncoding = 30;
			isa = PBXFileReference;
			lastKnownFileType = sourcecode.cpp.cpp;
			path = image.cpp;
			refType = 4;
			sourceTree = "<group>";
		};
		8B07AB4307DD5AD200E38678 = {
			fileEncoding = 30;
			isa = PBXFileReference;
			lastKnownFileType = sourcecode.cpp.cpp;
			path = iptc.cpp;
			refType = 4;
			sourceTree = "<group>";
		};
		8B07AB4407DD5AD200E38678 = {
			fileEncoding = 30;
			isa = PBXFileReference;
			lastKnownFileType = sourcecode.cpp.cpp;
			path = makernote.cpp;
			refType = 4;
			sourceTree = "<group>";
		};
		8B07AB4507DD5AD200E38678 = {
			fileEncoding = 30;
			isa = PBXFileReference;
			lastKnownFileType = sourcecode.cpp.cpp;
			path = metadatum.cpp;
			refType = 4;
			sourceTree = "<group>";
		};
		8B07AB4607DD5AD200E38678 = {
			fileEncoding = 30;
			isa = PBXFileReference;
			lastKnownFileType = sourcecode.cpp.cpp;
			path = nikonmn.cpp;
			refType = 4;
			sourceTree = "<group>";
		};
		8B07AB4707DD5AD200E38678 = {
			fileEncoding = 30;
			isa = PBXFileReference;
			lastKnownFileType = sourcecode.cpp.cpp;
			path = sigmamn.cpp;
			refType = 4;
			sourceTree = "<group>";
		};
		8B07AB4807DD5AD200E38678 = {
			fileEncoding = 30;
			isa = PBXFileReference;
			lastKnownFileType = sourcecode.cpp.cpp;
			path = tags.cpp;
			refType = 4;
			sourceTree = "<group>";
		};
		8B07AB4907DD5AD200E38678 = {
			fileEncoding = 30;
			isa = PBXFileReference;
			lastKnownFileType = sourcecode.cpp.cpp;
			path = types.cpp;
			refType = 4;
			sourceTree = "<group>";
		};
		8B07AB4A07DD5AD200E38678 = {
			fileEncoding = 30;
			isa = PBXFileReference;
			lastKnownFileType = sourcecode.cpp.cpp;
			path = value.cpp;
			refType = 4;
			sourceTree = "<group>";
		};
		8B07AB4B07DD5AD200E38678 = {
			fileRef = 8B07AB3D07DD5AD200E38678;
			isa = PBXBuildFile;
			settings = {
			};
		};
		8B07AB4C07DD5AD300E38678 = {
			fileRef = 8B07AB3E07DD5AD200E38678;
			isa = PBXBuildFile;
			settings = {
			};
		};
		8B07AB4D07DD5AD300E38678 = {
			fileRef = 8B07AB3F07DD5AD200E38678;
			isa = PBXBuildFile;
			settings = {
			};
		};
		8B07AB4E07DD5AD300E38678 = {
			fileRef = 8B07AB4007DD5AD200E38678;
			isa = PBXBuildFile;
			settings = {
			};
		};
		8B07AB4F07DD5AD300E38678 = {
			fileRef = 8B07AB4107DD5AD200E38678;
			isa = PBXBuildFile;
			settings = {
			};
		};
		8B07AB5007DD5AD300E38678 = {
			fileRef = 8B07AB4207DD5AD200E38678;
			isa = PBXBuildFile;
			settings = {
			};
		};
		8B07AB5107DD5AD300E38678 = {
			fileRef = 8B07AB4307DD5AD200E38678;
			isa = PBXBuildFile;
			settings = {
			};
		};
		8B07AB5207DD5AD300E38678 = {
			fileRef = 8B07AB4407DD5AD200E38678;
			isa = PBXBuildFile;
			settings = {
			};
		};
		8B07AB5307DD5AD300E38678 = {
			fileRef = 8B07AB4507DD5AD200E38678;
			isa = PBXBuildFile;
			settings = {
			};
		};
		8B07AB5407DD5AD300E38678 = {
			fileRef = 8B07AB4607DD5AD200E38678;
			isa = PBXBuildFile;
			settings = {
			};
		};
		8B07AB5507DD5AD300E38678 = {
			fileRef = 8B07AB4707DD5AD200E38678;
			isa = PBXBuildFile;
			settings = {
			};
		};
		8B07AB5607DD5AD300E38678 = {
			fileRef = 8B07AB4807DD5AD200E38678;
			isa = PBXBuildFile;
			settings = {
			};
		};
		8B07AB5707DD5AD300E38678 = {
			fileRef = 8B07AB4907DD5AD200E38678;
			isa = PBXBuildFile;
			settings = {
			};
		};
		8B07AB5807DD5AD300E38678 = {
			fileRef = 8B07AB4A07DD5AD200E38678;
			isa = PBXBuildFile;
			settings = {
			};
		};
		8B07AB5907DD5AD800E38678 = {
			children = (
				8B07AB5A07DD5AF800E38678,
				8B07AB5B07DD5AF800E38678,
				8B07AB5C07DD5AF800E38678,
				8B07AB5D07DD5AF800E38678,
				8B07AB5E07DD5AF800E38678,
				8B07AB5F07DD5AF800E38678,
				8B07AB6007DD5AF800E38678,
				8B07AB6107DD5AF800E38678,
				8B07AB6207DD5AF800E38678,
				8B07AB6307DD5AF800E38678,
				8B07AB6407DD5AF800E38678,
				8B07AB6507DD5AF800E38678,
				8B07AB6607DD5AF800E38678,
				8B07AB6707DD5AF800E38678,
				8B07AB6807DD5AF800E38678,
				8B07AB6907DD5AF800E38678,
			);
			isa = PBXGroup;
			name = Headers;
			refType = 4;
			sourceTree = "<group>";
		};
		8B07AB5A07DD5AF800E38678 = {
			fileEncoding = 30;
			isa = PBXFileReference;
			lastKnownFileType = sourcecode.cpp.h;
			path = canonmn.hpp;
			refType = 4;
			sourceTree = "<group>";
		};
		8B07AB5B07DD5AF800E38678 = {
			fileEncoding = 30;
			isa = PBXFileReference;
			lastKnownFileType = sourcecode.cpp.h;
			path = datasets.hpp;
			refType = 4;
			sourceTree = "<group>";
		};
		8B07AB5C07DD5AF800E38678 = {
			fileEncoding = 30;
			isa = PBXFileReference;
			lastKnownFileType = sourcecode.cpp.h;
			path = error.hpp;
			refType = 4;
			sourceTree = "<group>";
		};
		8B07AB5D07DD5AF800E38678 = {
			fileEncoding = 30;
			isa = PBXFileReference;
			lastKnownFileType = sourcecode.cpp.h;
			path = exif.hpp;
			refType = 4;
			sourceTree = "<group>";
		};
		8B07AB5E07DD5AF800E38678 = {
			fileEncoding = 30;
			isa = PBXFileReference;
			lastKnownFileType = sourcecode.cpp.h;
			path = fujimn.hpp;
			refType = 4;
			sourceTree = "<group>";
		};
		8B07AB5F07DD5AF800E38678 = {
			fileEncoding = 30;
			isa = PBXFileReference;
			lastKnownFileType = sourcecode.cpp.h;
			path = ifd.hpp;
			refType = 4;
			sourceTree = "<group>";
		};
		8B07AB6007DD5AF800E38678 = {
			fileEncoding = 30;
			isa = PBXFileReference;
			lastKnownFileType = sourcecode.cpp.h;
			path = image.hpp;
			refType = 4;
			sourceTree = "<group>";
		};
		8B07AB6107DD5AF800E38678 = {
			fileEncoding = 30;
			isa = PBXFileReference;
			lastKnownFileType = sourcecode.cpp.h;
			path = iptc.hpp;
			refType = 4;
			sourceTree = "<group>";
		};
		8B07AB6207DD5AF800E38678 = {
			fileEncoding = 30;
			isa = PBXFileReference;
			lastKnownFileType = sourcecode.cpp.h;
			path = makernote.hpp;
			refType = 4;
			sourceTree = "<group>";
		};
		8B07AB6307DD5AF800E38678 = {
			fileEncoding = 30;
			isa = PBXFileReference;
			lastKnownFileType = sourcecode.cpp.h;
			path = metadatum.hpp;
			refType = 4;
			sourceTree = "<group>";
		};
		8B07AB6407DD5AF800E38678 = {
			fileEncoding = 30;
			isa = PBXFileReference;
			lastKnownFileType = sourcecode.cpp.h;
			path = nikonmn.hpp;
			refType = 4;
			sourceTree = "<group>";
		};
		8B07AB6507DD5AF800E38678 = {
			fileEncoding = 30;
			isa = PBXFileReference;
			lastKnownFileType = sourcecode.cpp.h;
			path = rcsid.hpp;
			refType = 4;
			sourceTree = "<group>";
		};
		8B07AB6607DD5AF800E38678 = {
			fileEncoding = 30;
			isa = PBXFileReference;
			lastKnownFileType = sourcecode.cpp.h;
			path = sigmamn.hpp;
			refType = 4;
			sourceTree = "<group>";
		};
		8B07AB6707DD5AF800E38678 = {
			fileEncoding = 30;
			isa = PBXFileReference;
			lastKnownFileType = sourcecode.cpp.h;
			path = tags.hpp;
			refType = 4;
			sourceTree = "<group>";
		};
		8B07AB6807DD5AF800E38678 = {
			fileEncoding = 30;
			isa = PBXFileReference;
			lastKnownFileType = sourcecode.cpp.h;
			path = types.hpp;
			refType = 4;
			sourceTree = "<group>";
		};
		8B07AB6907DD5AF800E38678 = {
			fileEncoding = 30;
			isa = PBXFileReference;
			lastKnownFileType = sourcecode.cpp.h;
			path = value.hpp;
			refType = 4;
			sourceTree = "<group>";
		};
		8B07AB6A07DD5AF800E38678 = {
			fileRef = 8B07AB5A07DD5AF800E38678;
			isa = PBXBuildFile;
			settings = {
				ATTRIBUTES = (
					Public,
				);
			};
		};
		8B07AB6B07DD5AF800E38678 = {
			fileRef = 8B07AB5B07DD5AF800E38678;
			isa = PBXBuildFile;
			settings = {
				ATTRIBUTES = (
					Public,
				);
			};
		};
		8B07AB6C07DD5AF800E38678 = {
			fileRef = 8B07AB5C07DD5AF800E38678;
			isa = PBXBuildFile;
			settings = {
				ATTRIBUTES = (
					Public,
				);
			};
		};
		8B07AB6D07DD5AF800E38678 = {
			fileRef = 8B07AB5D07DD5AF800E38678;
			isa = PBXBuildFile;
			settings = {
				ATTRIBUTES = (
					Public,
				);
			};
		};
		8B07AB6E07DD5AF800E38678 = {
			fileRef = 8B07AB5E07DD5AF800E38678;
			isa = PBXBuildFile;
			settings = {
				ATTRIBUTES = (
					Public,
				);
			};
		};
		8B07AB6F07DD5AF800E38678 = {
			fileRef = 8B07AB5F07DD5AF800E38678;
			isa = PBXBuildFile;
			settings = {
				ATTRIBUTES = (
					Public,
				);
			};
		};
		8B07AB7007DD5AF800E38678 = {
			fileRef = 8B07AB6007DD5AF800E38678;
			isa = PBXBuildFile;
			settings = {
				ATTRIBUTES = (
					Public,
				);
			};
		};
		8B07AB7107DD5AF800E38678 = {
			fileRef = 8B07AB6107DD5AF800E38678;
			isa = PBXBuildFile;
			settings = {
				ATTRIBUTES = (
					Public,
				);
			};
		};
		8B07AB7207DD5AF800E38678 = {
			fileRef = 8B07AB6207DD5AF800E38678;
			isa = PBXBuildFile;
			settings = {
				ATTRIBUTES = (
					Public,
				);
			};
		};
		8B07AB7307DD5AF800E38678 = {
			fileRef = 8B07AB6307DD5AF800E38678;
			isa = PBXBuildFile;
			settings = {
				ATTRIBUTES = (
					Public,
				);
			};
		};
		8B07AB7407DD5AF800E38678 = {
			fileRef = 8B07AB6407DD5AF800E38678;
			isa = PBXBuildFile;
			settings = {
				ATTRIBUTES = (
					Public,
				);
			};
		};
		8B07AB7507DD5AF800E38678 = {
			fileRef = 8B07AB6507DD5AF800E38678;
			isa = PBXBuildFile;
			settings = {
				ATTRIBUTES = (
					Public,
				);
			};
		};
		8B07AB7607DD5AF800E38678 = {
			fileRef = 8B07AB6607DD5AF800E38678;
			isa = PBXBuildFile;
			settings = {
				ATTRIBUTES = (
					Public,
				);
			};
		};
		8B07AB7707DD5AF800E38678 = {
			fileRef = 8B07AB6707DD5AF800E38678;
			isa = PBXBuildFile;
			settings = {
				ATTRIBUTES = (
					Public,
				);
			};
		};
		8B07AB7807DD5AF800E38678 = {
			fileRef = 8B07AB6807DD5AF800E38678;
			isa = PBXBuildFile;
			settings = {
				ATTRIBUTES = (
					Public,
				);
			};
		};
		8B07AB7907DD5AF800E38678 = {
			fileRef = 8B07AB6907DD5AF800E38678;
			isa = PBXBuildFile;
			settings = {
				ATTRIBUTES = (
					Public,
				);
			};
		};
//8B0
//8B1
//8B2
//8B3
//8B4
//8D0
//8D1
//8D2
//8D3
//8D4
		8DC2EF4F0486A6940098B216 = {
			buildPhases = (
				8DC2EF500486A6940098B216,
				8DC2EF520486A6940098B216,
				8DC2EF540486A6940098B216,
				8DC2EF560486A6940098B216,
			);
			buildRules = (
			);
			buildSettings = {
				DEPLOYMENT_POSTPROCESSING = YES;
				DYLIB_COMPATIBILITY_VERSION = 1;
				DYLIB_CURRENT_VERSION = 1;
				FRAMEWORK_VERSION = A;
				GCC_GENERATE_DEBUGGING_SYMBOLS = NO;
				GCC_PRECOMPILE_PREFIX_HEADER = YES;
				GCC_PREFIX_HEADER = Exiv2_Prefix.pch;
				INFOPLIST_FILE = Info.plist;
				INSTALL_PATH = "@executable_path/../Frameworks";
				LIBRARY_STYLE = DYNAMIC;
				PREBINDING = NO;
				PRODUCT_NAME = Exiv2;
				WRAPPER_EXTENSION = framework;
			};
			dependencies = (
			);
			isa = PBXNativeTarget;
			name = Exiv2;
			productInstallPath = "$(HOME)/Library/Frameworks";
			productName = Exiv2;
			productReference = 8DC2EF5B0486A6940098B216;
			productType = "com.apple.product-type.framework";
		};
		8DC2EF500486A6940098B216 = {
			buildActionMask = 2147483647;
			files = (
				8B07AB6A07DD5AF800E38678,
				8B07AB6B07DD5AF800E38678,
				8B07AB6C07DD5AF800E38678,
				8B07AB6D07DD5AF800E38678,
				8B07AB6E07DD5AF800E38678,
				8B07AB6F07DD5AF800E38678,
				8B07AB7007DD5AF800E38678,
				8B07AB7107DD5AF800E38678,
				8B07AB7207DD5AF800E38678,
				8B07AB7307DD5AF800E38678,
				8B07AB7407DD5AF800E38678,
				8B07AB7507DD5AF800E38678,
				8B07AB7607DD5AF800E38678,
				8B07AB7707DD5AF800E38678,
				8B07AB7807DD5AF800E38678,
				8B07AB7907DD5AF800E38678,
			);
			isa = PBXHeadersBuildPhase;
			runOnlyForDeploymentPostprocessing = 0;
		};
		8DC2EF520486A6940098B216 = {
			buildActionMask = 2147483647;
			files = (
				8DC2EF530486A6940098B216,
			);
			isa = PBXResourcesBuildPhase;
			runOnlyForDeploymentPostprocessing = 0;
		};
		8DC2EF530486A6940098B216 = {
			fileRef = 089C1666FE841158C02AAC07;
			isa = PBXBuildFile;
			settings = {
			};
		};
		8DC2EF540486A6940098B216 = {
			buildActionMask = 2147483647;
			files = (
				8B07AB4B07DD5AD200E38678,
				8B07AB4C07DD5AD300E38678,
				8B07AB4D07DD5AD300E38678,
				8B07AB4E07DD5AD300E38678,
				8B07AB4F07DD5AD300E38678,
				8B07AB5007DD5AD300E38678,
				8B07AB5107DD5AD300E38678,
				8B07AB5207DD5AD300E38678,
				8B07AB5307DD5AD300E38678,
				8B07AB5407DD5AD300E38678,
				8B07AB5507DD5AD300E38678,
				8B07AB5607DD5AD300E38678,
				8B07AB5707DD5AD300E38678,
				8B07AB5807DD5AD300E38678,
			);
			isa = PBXSourcesBuildPhase;
			runOnlyForDeploymentPostprocessing = 0;
		};
		8DC2EF560486A6940098B216 = {
			buildActionMask = 2147483647;
			files = (
				8DC2EF570486A6940098B216,
			);
			isa = PBXFrameworksBuildPhase;
			runOnlyForDeploymentPostprocessing = 0;
		};
		8DC2EF570486A6940098B216 = {
			fileRef = 1058C7B1FEA5585E11CA2CBB;
			isa = PBXBuildFile;
			settings = {
			};
		};
		8DC2EF5A0486A6940098B216 = {
			fileEncoding = 4;
			isa = PBXFileReference;
			lastKnownFileType = text.plist;
			path = Info.plist;
			refType = 4;
			sourceTree = "<group>";
		};
		8DC2EF5B0486A6940098B216 = {
			explicitFileType = wrapper.framework;
			includeInIndex = 0;
			isa = PBXFileReference;
			path = Exiv2.framework;
			refType = 3;
			sourceTree = BUILT_PRODUCTS_DIR;
		};
	};
	rootObject = 0867D690FE84028FC02AAC07;
}
