// !$*UTF8*$!
{
	archiveVersion = 1;
	classes = {
	};
	objectVersion = 39;
	objects = {
		080E96DDFE201D6D7F000001 = {
			children = (
				8B6D015407CB23A0009A76DA,
				8B6D015507CB23A0009A76DA,
				8BC6662807BFCF880075F57F,
				8BC6662907BFCF880075F57F,
				8B2D867207C824B500CDAFED,
				8B2D867307C824B500CDAFED,
				8B7E79BC07C0269C00687DEE,
				8B7E79BD07C0269C00687DEE,
				8B87410F07BA9D9F00EF7923,
				8B87411007BA9D9F00EF7923,
				8BF72B0507B9E78F003A3C82,
				8BF72B0607B9E78F003A3C82,
				8BF72A8707B9D14C003A3C82,
				8BF72A8807B9D14C003A3C82,
				8BF72A6307B9C986003A3C82,
				8BF72A6407B9C986003A3C82,
				8B5D5E2907B8215E00957950,
				8B5D5E2A07B8215E00957950,
				8B4A5A8F07B74EDC00F30E03,
				8B4A5A9007B74EDC00F30E03,
				8B4A5A9107B74EDC00F30E03,
				8B4A5A9207B74EDC00F30E03,
				8B7C0C3A07B5FEB4005DB6FF,
				8B7C0C3B07B5FEB5005DB6FF,
				8B6FD33207B30B0F003F0000,
				8B6FD33307B30B0F003F0000,
				8B6FCF9807B1E200003F0000,
				8B6FCF9907B1E200003F0000,
				8BE97E2307ACD46B005D384C,
				8BE97E2407ACD46B005D384C,
				8B6D01C007CB2EA2009A76DA,
				8B6D01C107CB2EA2009A76DA,
				8BD011D807A99DFB00AA4BAA,
				8BD011D907A99DFB00AA4BAA,
			);
			isa = PBXGroup;
			name = Classes;
			refType = 4;
			sourceTree = "<group>";
		};
		089C165CFE840E0CC02AAC07 = {
			children = (
				089C165DFE840E0CC02AAC07,
			);
			isa = PBXVariantGroup;
			name = InfoPlist.strings;
			refType = 4;
			sourceTree = "<group>";
		};
		089C165DFE840E0CC02AAC07 = {
			fileEncoding = 10;
			isa = PBXFileReference;
			lastKnownFileType = text.plist.strings;
			name = English;
			path = English.lproj/InfoPlist.strings;
			refType = 4;
			sourceTree = "<group>";
		};
//080
//081
//082
//083
//084
//100
//101
//102
//103
//104
		1058C7A0FEA54F0111CA2CBB = {
			children = (
				1058C7A1FEA54F0111CA2CBB,
			);
			isa = PBXGroup;
			name = "Linked Frameworks";
			refType = 4;
			sourceTree = "<group>";
		};
		1058C7A1FEA54F0111CA2CBB = {
			isa = PBXFileReference;
			lastKnownFileType = wrapper.framework;
			name = Cocoa.framework;
			path = /System/Library/Frameworks/Cocoa.framework;
			refType = 0;
			sourceTree = "<absolute>";
		};
		1058C7A2FEA54F0111CA2CBB = {
			children = (
				29B97325FDCFA39411CA2CEA,
				29B97324FDCFA39411CA2CEA,
			);
			isa = PBXGroup;
			name = "Other Frameworks";
			refType = 4;
			sourceTree = "<group>";
		};
//100
//101
//102
//103
//104
//190
//191
//192
//193
//194
		19C28FACFE9D520D11CA2CBB = {
			children = (
				8D1107320486CEB800E47090,
				8B6D01F807CB327E009A76DA,
			);
			isa = PBXGroup;
			name = Products;
			refType = 4;
			sourceTree = "<group>";
		};
//190
//191
//192
//193
//194
//290
//291
//292
//293
//294
		29B97313FDCFA39411CA2CEA = {
			buildSettings = {
			};
			buildStyles = (
				4A9504CCFFE6A4B311CA0CBA,
				4A9504CDFFE6A4B311CA0CBA,
			);
			hasScannedForEncodings = 1;
			isa = PBXProject;
			mainGroup = 29B97314FDCFA39411CA2CEA;
			projectDirPath = "";
			targets = (
				8B6D01F707CB327E009A76DA,
				8D1107260486CEB800E47090,
			);
		};
		29B97314FDCFA39411CA2CEA = {
			children = (
				8B6D010807CB178F009A76DA,
				080E96DDFE201D6D7F000001,
				29B97315FDCFA39411CA2CEA,
				29B97317FDCFA39411CA2CEA,
				29B97323FDCFA39411CA2CEA,
				19C28FACFE9D520D11CA2CBB,
			);
			isa = PBXGroup;
			name = CQView;
			path = "";
			refType = 4;
			sourceTree = "<group>";
		};
		29B97315FDCFA39411CA2CEA = {
			children = (
				8B6D011607CB190B009A76DA,
				8B6D01C807CB2EB3009A76DA,
				32CA4F630368D1EE00C91783,
				29B97316FDCFA39411CA2CEA,
			);
			isa = PBXGroup;
			name = "Other Sources";
			path = "";
			refType = 4;
			sourceTree = "<group>";
		};
		29B97316FDCFA39411CA2CEA = {
			fileEncoding = 4;
			isa = PBXFileReference;
			lastKnownFileType = sourcecode.c.objc;
			path = main.m;
			refType = 4;
			sourceTree = "<group>";
		};
		29B97317FDCFA39411CA2CEA = {
			children = (
				8B6D02EA07CBFC89009A76DA,
				8BC8BA0607C32D32003705C3,
				8B5767C007BD1CE800068A64,
				8B5767C107BD1CE900068A64,
				8B5767C207BD1CE900068A64,
				8D1107310486CEB800E47090,
				089C165CFE840E0CC02AAC07,
				8B568D8907BFF8A000822FD2,
				29B97318FDCFA39411CA2CEA,
			);
			isa = PBXGroup;
			name = Resources;
			path = "";
			refType = 4;
			sourceTree = "<group>";
		};
		29B97318FDCFA39411CA2CEA = {
			children = (
				29B97319FDCFA39411CA2CEA,
			);
			isa = PBXVariantGroup;
			name = MainMenu.nib;
			path = "";
			refType = 4;
			sourceTree = "<group>";
		};
		29B97319FDCFA39411CA2CEA = {
			isa = PBXFileReference;
			lastKnownFileType = wrapper.nib;
			name = English;
			path = English.lproj/MainMenu.nib;
			refType = 4;
			sourceTree = "<group>";
		};
		29B97323FDCFA39411CA2CEA = {
			children = (
				1058C7A0FEA54F0111CA2CBB,
				1058C7A2FEA54F0111CA2CBB,
			);
			isa = PBXGroup;
			name = Frameworks;
			path = "";
			refType = 4;
			sourceTree = "<group>";
		};
		29B97324FDCFA39411CA2CEA = {
			isa = PBXFileReference;
			lastKnownFileType = wrapper.framework;
			name = AppKit.framework;
			path = /System/Library/Frameworks/AppKit.framework;
			refType = 0;
			sourceTree = "<absolute>";
		};
		29B97325FDCFA39411CA2CEA = {
			isa = PBXFileReference;
			lastKnownFileType = wrapper.framework;
			name = Foundation.framework;
			path = /System/Library/Frameworks/Foundation.framework;
			refType = 0;
			sourceTree = "<absolute>";
		};
//290
//291
//292
//293
//294
//320
//321
//322
//323
//324
		32CA4F630368D1EE00C91783 = {
			fileEncoding = 4;
			isa = PBXFileReference;
			lastKnownFileType = sourcecode.c.h;
			path = CQView_Prefix.pch;
			refType = 4;
			sourceTree = "<group>";
		};
//320
//321
//322
//323
//324
//4A0
//4A1
//4A2
//4A3
//4A4
		4A9504CCFFE6A4B311CA0CBA = {
			buildSettings = {
				COPY_PHASE_STRIP = NO;
				GCC_DYNAMIC_NO_PIC = NO;
				GCC_ENABLE_FIX_AND_CONTINUE = YES;
				GCC_GENERATE_DEBUGGING_SYMBOLS = YES;
				GCC_OPTIMIZATION_LEVEL = 0;
				ZERO_LINK = YES;
			};
			isa = PBXBuildStyle;
			name = Development;
		};
		4A9504CDFFE6A4B311CA0CBA = {
			buildSettings = {
				COPY_PHASE_STRIP = YES;
				GCC_ENABLE_FIX_AND_CONTINUE = NO;
				ZERO_LINK = NO;
			};
			isa = PBXBuildStyle;
			name = Deployment;
		};
//4A0
//4A1
//4A2
//4A3
//4A4
//8B0
//8B1
//8B2
//8B3
//8B4
		8B2D867207C824B500CDAFED = {
			fileEncoding = 4;
			isa = PBXFileReference;
			lastKnownFileType = sourcecode.c.h;
			path = "NSAttributedString+Truncation.h";
			refType = 4;
			sourceTree = "<group>";
		};
		8B2D867307C824B500CDAFED = {
			fileEncoding = 4;
			isa = PBXFileReference;
			lastKnownFileType = sourcecode.c.objc;
			path = "NSAttributedString+Truncation.m";
			refType = 4;
			sourceTree = "<group>";
		};
		8B2D867407C824B500CDAFED = {
			fileRef = 8B2D867207C824B500CDAFED;
			isa = PBXBuildFile;
			settings = {
			};
		};
		8B2D867507C824B600CDAFED = {
			fileRef = 8B2D867307C824B500CDAFED;
			isa = PBXBuildFile;
			settings = {
			};
		};
		8B4A5A8F07B74EDC00F30E03 = {
			fileEncoding = 30;
			isa = PBXFileReference;
			lastKnownFileType = sourcecode.c.h;
			path = IconFamily.h;
			refType = 4;
			sourceTree = "<group>";
		};
		8B4A5A9007B74EDC00F30E03 = {
			fileEncoding = 30;
			isa = PBXFileReference;
			lastKnownFileType = sourcecode.c.objc;
			path = IconFamily.m;
			refType = 4;
			sourceTree = "<group>";
		};
		8B4A5A9107B74EDC00F30E03 = {
			fileEncoding = 30;
			isa = PBXFileReference;
			lastKnownFileType = sourcecode.c.h;
			path = "NSString+CarbonFSSpecCreation.h";
			refType = 4;
			sourceTree = "<group>";
		};
		8B4A5A9207B74EDC00F30E03 = {
			fileEncoding = 30;
			isa = PBXFileReference;
			lastKnownFileType = sourcecode.c.objc;
			path = "NSString+CarbonFSSpecCreation.m";
			refType = 4;
			sourceTree = "<group>";
		};
		8B4A5A9307B74EDC00F30E03 = {
			fileRef = 8B4A5A8F07B74EDC00F30E03;
			isa = PBXBuildFile;
			settings = {
			};
		};
		8B4A5A9407B74EDC00F30E03 = {
			fileRef = 8B4A5A9007B74EDC00F30E03;
			isa = PBXBuildFile;
			settings = {
			};
		};
		8B4A5A9507B74EDC00F30E03 = {
			fileRef = 8B4A5A9107B74EDC00F30E03;
			isa = PBXBuildFile;
			settings = {
			};
		};
		8B4A5A9607B74EDC00F30E03 = {
			fileRef = 8B4A5A9207B74EDC00F30E03;
			isa = PBXBuildFile;
			settings = {
			};
		};
		8B568D8907BFF8A000822FD2 = {
			isa = PBXFileReference;
			lastKnownFileType = wrapper.nib;
			path = Preferences.nib;
			refType = 4;
			sourceTree = "<group>";
		};
		8B5767C007BD1CE800068A64 = {
			isa = PBXFileReference;
			lastKnownFileType = image.tiff;
			path = ZoomInToolbarImage.tiff;
			refType = 4;
			sourceTree = "<group>";
		};
		8B5767C107BD1CE900068A64 = {
			isa = PBXFileReference;
			lastKnownFileType = image.tiff;
			path = ZoomOutToolbarImage.tiff;
			refType = 4;
			sourceTree = "<group>";
		};
		8B5767C207BD1CE900068A64 = {
			isa = PBXFileReference;
			lastKnownFileType = image.tiff;
			path = ZoomToFitToolbarImage.tiff;
			refType = 4;
			sourceTree = "<group>";
		};
		8B5767C307BD1CE900068A64 = {
			fileRef = 8B5767C007BD1CE800068A64;
			isa = PBXBuildFile;
			settings = {
			};
		};
		8B5767C407BD1CE900068A64 = {
			fileRef = 8B5767C107BD1CE900068A64;
			isa = PBXBuildFile;
			settings = {
			};
		};
		8B5767C507BD1CE900068A64 = {
			fileRef = 8B5767C207BD1CE900068A64;
			isa = PBXBuildFile;
			settings = {
			};
		};
		8B5D5E2907B8215E00957950 = {
			fileEncoding = 4;
			isa = PBXFileReference;
			lastKnownFileType = sourcecode.c.h;
			path = ImageTaskManager.h;
			refType = 4;
			sourceTree = "<group>";
		};
		8B5D5E2A07B8215E00957950 = {
			fileEncoding = 4;
			isa = PBXFileReference;
			lastKnownFileType = sourcecode.c.objc;
			path = ImageTaskManager.m;
			refType = 4;
			sourceTree = "<group>";
			wrapsLines = 0;
		};
		8B5D5E2B07B8215E00957950 = {
			fileRef = 8B5D5E2907B8215E00957950;
			isa = PBXBuildFile;
			settings = {
			};
		};
		8B5D5E2C07B8215E00957950 = {
			fileRef = 8B5D5E2A07B8215E00957950;
			isa = PBXBuildFile;
			settings = {
			};
		};
		8B6D010807CB178F009A76DA = {
			children = (
				8B6D011307CB185E009A76DA,
				8B6D010E07CB179C009A76DA,
			);
			isa = PBXGroup;
			name = Components;
			refType = 4;
			sourceTree = "<group>";
		};
		8B6D010E07CB179C009A76DA = {
			children = (
				8B6D020F07CB3312009A76DA,
				8B6D021007CB3312009A76DA,
				8B6D01F907CB327F009A76DA,
				8B6D019807CB29EF009A76DA,
			);
			isa = PBXGroup;
			name = SortManagerPreferences;
			path = "";
			refType = 4;
			sourceTree = "<group>";
		};
		8B6D011307CB185E009A76DA = {
			children = (
			);
			isa = PBXGroup;
			name = GeneralPreferences;
			refType = 4;
			sourceTree = "<group>";
		};
		8B6D011607CB190B009A76DA = {
			fileEncoding = 4;
			isa = PBXFileReference;
			lastKnownFileType = sourcecode.c.h;
			path = FileManager.h;
			refType = 4;
			sourceTree = "<group>";
		};
		8B6D011707CB190B009A76DA = {
			fileRef = 8B6D011607CB190B009A76DA;
			isa = PBXBuildFile;
			settings = {
			};
		};
		8B6D015407CB23A0009A76DA = {
			fileEncoding = 4;
			isa = PBXFileReference;
			lastKnownFileType = sourcecode.c.h;
			path = ImmutableToMutableTransformer.h;
			refType = 4;
			sourceTree = "<group>";
		};
		8B6D015507CB23A0009A76DA = {
			fileEncoding = 4;
			isa = PBXFileReference;
			lastKnownFileType = sourcecode.c.objc;
			path = ImmutableToMutableTransformer.m;
			refType = 4;
			sourceTree = "<group>";
		};
		8B6D015607CB23A0009A76DA = {
			fileRef = 8B6D015407CB23A0009A76DA;
			isa = PBXBuildFile;
			settings = {
			};
		};
		8B6D015707CB23A0009A76DA = {
			fileRef = 8B6D015507CB23A0009A76DA;
			isa = PBXBuildFile;
			settings = {
			};
		};
		8B6D019807CB29EF009A76DA = {
			isa = PBXFileReference;
			lastKnownFileType = wrapper.nib;
			path = SortManagerPreferences.nib;
			refType = 4;
			sourceTree = "<group>";
		};
		8B6D019907CB29EF009A76DA = {
			fileRef = 8B6D019807CB29EF009A76DA;
			isa = PBXBuildFile;
			settings = {
			};
		};
		8B6D01C007CB2EA2009A76DA = {
			fileEncoding = 30;
			isa = PBXFileReference;
			lastKnownFileType = sourcecode.c.objc;
			path = SS_PrefsController.m;
			refType = 4;
			sourceTree = "<group>";
		};
		8B6D01C107CB2EA2009A76DA = {
			fileEncoding = 30;
			isa = PBXFileReference;
			lastKnownFileType = sourcecode.c.h;
			path = SS_PrefsController.h;
			refType = 4;
			sourceTree = "<group>";
		};
		8B6D01C207CB2EA2009A76DA = {
			fileRef = 8B6D01C007CB2EA2009A76DA;
			isa = PBXBuildFile;
			settings = {
			};
		};
		8B6D01C307CB2EA2009A76DA = {
			fileRef = 8B6D01C107CB2EA2009A76DA;
			isa = PBXBuildFile;
			settings = {
			};
		};
		8B6D01C807CB2EB3009A76DA = {
			fileEncoding = 30;
			isa = PBXFileReference;
			lastKnownFileType = sourcecode.c.h;
			path = SS_PreferencePaneProtocol.h;
			refType = 4;
			sourceTree = "<group>";
		};
		8B6D01C907CB2EB3009A76DA = {
			fileRef = 8B6D01C807CB2EB3009A76DA;
			isa = PBXBuildFile;
			settings = {
			};
		};
		8B6D01F407CB327E009A76DA = {
			buildActionMask = 2147483647;
			files = (
				8B6D01FC07CB329C009A76DA,
				8B6D01FB07CB3294009A76DA,
			);
			isa = PBXResourcesBuildPhase;
			runOnlyForDeploymentPostprocessing = 0;
		};
		8B6D01F507CB327E009A76DA = {
			buildActionMask = 2147483647;
			files = (
				8B6D029007CBC865009A76DA,
			);
			isa = PBXSourcesBuildPhase;
			runOnlyForDeploymentPostprocessing = 0;
		};
		8B6D01F607CB327E009A76DA = {
			buildActionMask = 2147483647;
			files = (
				8B6D01FD07CB32B3009A76DA,
			);
			isa = PBXFrameworksBuildPhase;
			runOnlyForDeploymentPostprocessing = 0;
		};
		8B6D01F707CB327E009A76DA = {
			buildPhases = (
				8B6D01F407CB327E009A76DA,
				8B6D01F507CB327E009A76DA,
				8B6D01F607CB327E009A76DA,
			);
			buildRules = (
			);
			buildSettings = {
				GCC_PRECOMPILE_PREFIX_HEADER = YES;
				GCC_PREFIX_HEADER = "$(SYSTEM_LIBRARY_DIR)/Frameworks/AppKit.framework/Headers/AppKit.h";
				INFOPLIST_FILE = "SortManagerPreferences-Info.plist";
				INSTALL_PATH = "$(USER_LIBRARY_DIR)/Bundles";
				OPTIMIZATION_CFLAGS = "";
				OTHER_CFLAGS = "";
				OTHER_LDFLAGS = "-framework Foundation -framework AppKit";
				OTHER_REZFLAGS = "";
				PRODUCT_NAME = SortManagerPreferences;
				SECTORDER_FLAGS = "";
				WARNING_CFLAGS = "-Wmost -Wno-four-char-constants -Wno-unknown-pragmas";
				WRAPPER_EXTENSION = cqvPref;
			};
			dependencies = (
			);
			isa = PBXNativeTarget;
			name = SortManagerPreferences;
			productName = SortManagerPreferences;
			productReference = 8B6D01F807CB327E009A76DA;
			productSettingsXML = "<?xml version=\"1.0\" encoding=\"UTF-8\"?>
<!DOCTYPE plist PUBLIC \"-//Apple Computer//DTD PLIST 1.0//EN\" \"http://www.apple.com/DTDs/PropertyList-1.0.dtd\">
<plist version=\"1.0\">
<dict>
	<key>CFBundleDevelopmentRegion</key>
	<string>English</string>
	<key>CFBundleExecutable</key>
	<string>SortManagerPreferences</string>
	<key>CFBundleIdentifier</key>
	<string>com.yourcompany.SortManagerPreferences</string>
	<key>CFBundleInfoDictionaryVersion</key>
	<string>6.0</string>
	<key>CFBundlePackageType</key>
	<string>APPL</string>
	<key>CFBundleSignature</key>
	<string>????</string>
	<key>CFBundleVersion</key>
	<string>1.0</string>
</dict>
</plist>
";
			productType = "com.apple.product-type.bundle";
		};
		8B6D01F807CB327E009A76DA = {
			explicitFileType = wrapper.cfbundle;
			includeInIndex = 0;
			isa = PBXFileReference;
			path = SortManagerPreferences.cqvPref;
			refType = 3;
			sourceTree = BUILT_PRODUCTS_DIR;
		};
		8B6D01F907CB327F009A76DA = {
			isa = PBXFileReference;
			lastKnownFileType = text.xml;
			name = "SortManagerPreferences-Info.plist";
			path = "/Users/elliot/Projects/CQView/SortManagerPreferences-Info.plist";
			refType = 0;
			sourceTree = "<absolute>";
		};
		8B6D01FB07CB3294009A76DA = {
			fileRef = 8B6D019807CB29EF009A76DA;
			isa = PBXBuildFile;
			settings = {
			};
		};
		8B6D01FC07CB329C009A76DA = {
			fileRef = 8B6D01F907CB327F009A76DA;
			isa = PBXBuildFile;
			settings = {
			};
		};
		8B6D01FD07CB32B3009A76DA = {
			fileRef = 1058C7A1FEA54F0111CA2CBB;
			isa = PBXBuildFile;
			settings = {
			};
		};
		8B6D020207CB32C0009A76DA = {
			buildActionMask = 2147483647;
			dstPath = "";
			dstSubfolderSpec = 13;
			files = (
				8B6D020307CB32CD009A76DA,
			);
			isa = PBXCopyFilesBuildPhase;
			runOnlyForDeploymentPostprocessing = 0;
		};
		8B6D020307CB32CD009A76DA = {
			fileRef = 8B6D01F807CB327E009A76DA;
			isa = PBXBuildFile;
			settings = {
			};
		};
		8B6D020F07CB3312009A76DA = {
			fileEncoding = 4;
			isa = PBXFileReference;
			lastKnownFileType = sourcecode.c.h;
			path = SortManagerPreferencesController.h;
			refType = 4;
			sourceTree = "<group>";
		};
		8B6D021007CB3312009A76DA = {
			fileEncoding = 4;
			isa = PBXFileReference;
			lastKnownFileType = sourcecode.c.objc;
			path = SortManagerPreferencesController.m;
			refType = 4;
			sourceTree = "<group>";
		};
		8B6D021107CB3312009A76DA = {
			fileRef = 8B6D020F07CB3312009A76DA;
			isa = PBXBuildFile;
			settings = {
			};
		};
		8B6D025507CBC6A8009A76DA = {
			containerPortal = 29B97313FDCFA39411CA2CEA;
			isa = PBXContainerItemProxy;
			proxyType = 1;
			remoteGlobalIDString = 8B6D01F707CB327E009A76DA;
			remoteInfo = SortManagerPreferences;
		};
		8B6D025607CBC6A8009A76DA = {
			isa = PBXTargetDependency;
			target = 8B6D01F707CB327E009A76DA;
			targetProxy = 8B6D025507CBC6A8009A76DA;
		};
		8B6D029007CBC865009A76DA = {
			fileRef = 8B6D021007CB3312009A76DA;
			isa = PBXBuildFile;
			settings = {
			};
		};
		8B6D02EA07CBFC89009A76DA = {
			isa = PBXFileReference;
			lastKnownFileType = text.rtf;
			path = Credits.rtf;
			refType = 4;
			sourceTree = "<group>";
		};
		8B6D02EB07CBFC89009A76DA = {
			fileRef = 8B6D02EA07CBFC89009A76DA;
			isa = PBXBuildFile;
			settings = {
			};
		};
		8B6FCF9807B1E200003F0000 = {
			fileEncoding = 4;
			isa = PBXFileReference;
			lastKnownFileType = sourcecode.c.h;
			path = FileSizeFormatter.h;
			refType = 4;
			sourceTree = "<group>";
		};
		8B6FCF9907B1E200003F0000 = {
			fileEncoding = 4;
			isa = PBXFileReference;
			lastKnownFileType = sourcecode.c.objc;
			path = FileSizeFormatter.m;
			refType = 4;
			sourceTree = "<group>";
		};
		8B6FCF9A07B1E200003F0000 = {
			fileRef = 8B6FCF9807B1E200003F0000;
			isa = PBXBuildFile;
			settings = {
			};
		};
		8B6FCF9B07B1E200003F0000 = {
			fileRef = 8B6FCF9907B1E200003F0000;
			isa = PBXBuildFile;
			settings = {
			};
		};
		8B6FD33207B30B0F003F0000 = {
			fileEncoding = 4;
			isa = PBXFileReference;
			lastKnownFileType = sourcecode.c.h;
			path = SBCenteringClipView.h;
			refType = 4;
			sourceTree = "<group>";
		};
		8B6FD33307B30B0F003F0000 = {
			fileEncoding = 4;
			isa = PBXFileReference;
			lastKnownFileType = sourcecode.c.objc;
			path = SBCenteringClipView.m;
			refType = 4;
			sourceTree = "<group>";
		};
		8B6FD33407B30B0F003F0000 = {
			fileRef = 8B6FD33207B30B0F003F0000;
			isa = PBXBuildFile;
			settings = {
			};
		};
		8B6FD33507B30B0F003F0000 = {
			fileRef = 8B6FD33307B30B0F003F0000;
			isa = PBXBuildFile;
			settings = {
			};
		};
		8B7C0C3A07B5FEB4005DB6FF = {
			fileEncoding = 4;
			isa = PBXFileReference;
			lastKnownFileType = sourcecode.c.h;
			path = Util.h;
			refType = 4;
			sourceTree = "<group>";
		};
		8B7C0C3B07B5FEB5005DB6FF = {
			fileEncoding = 4;
			isa = PBXFileReference;
			lastKnownFileType = sourcecode.c.objc;
			path = Util.m;
			refType = 4;
			sourceTree = "<group>";
		};
		8B7C0C3C07B5FEB5005DB6FF = {
			fileRef = 8B7C0C3A07B5FEB4005DB6FF;
			isa = PBXBuildFile;
			settings = {
			};
		};
		8B7C0C3D07B5FEB5005DB6FF = {
			fileRef = 8B7C0C3B07B5FEB5005DB6FF;
			isa = PBXBuildFile;
			settings = {
			};
		};
		8B7E79BC07C0269C00687DEE = {
			fileEncoding = 4;
			isa = PBXFileReference;
			lastKnownFileType = sourcecode.c.h;
			path = FileOperations.h;
			refType = 4;
			sourceTree = "<group>";
		};
		8B7E79BD07C0269C00687DEE = {
			fileEncoding = 4;
			isa = PBXFileReference;
			lastKnownFileType = sourcecode.c.objc;
			path = FileOperations.m;
			refType = 4;
			sourceTree = "<group>";
		};
		8B7E79BE07C0269C00687DEE = {
			fileRef = 8B7E79BC07C0269C00687DEE;
			isa = PBXBuildFile;
			settings = {
			};
		};
		8B7E79BF07C0269C00687DEE = {
			fileRef = 8B7E79BD07C0269C00687DEE;
			isa = PBXBuildFile;
			settings = {
			};
		};
		8B87410F07BA9D9F00EF7923 = {
			fileEncoding = 4;
			isa = PBXFileReference;
			lastKnownFileType = sourcecode.c.h;
			path = ViewAsIconViewCell.h;
			refType = 4;
			sourceTree = "<group>";
		};
		8B87411007BA9D9F00EF7923 = {
			fileEncoding = 4;
			isa = PBXFileReference;
			lastKnownFileType = sourcecode.c.objc;
			path = ViewAsIconViewCell.m;
			refType = 4;
			sourceTree = "<group>";
		};
		8B87411107BA9D9F00EF7923 = {
			fileRef = 8B87410F07BA9D9F00EF7923;
			isa = PBXBuildFile;
			settings = {
			};
		};
		8B87411207BA9DA000EF7923 = {
			fileRef = 8B87411007BA9D9F00EF7923;
			isa = PBXBuildFile;
			settings = {
			};
		};
		8BC6662807BFCF880075F57F = {
			fileEncoding = 30;
			isa = PBXFileReference;
			lastKnownFileType = sourcecode.c.h;
			path = SortManagerController.h;
			refType = 4;
			sourceTree = "<group>";
		};
		8BC6662907BFCF880075F57F = {
			fileEncoding = 30;
			isa = PBXFileReference;
			lastKnownFileType = sourcecode.c.objc;
			path = SortManagerController.m;
			refType = 4;
			sourceTree = "<group>";
		};
		8BC6662A07BFCF880075F57F = {
			fileRef = 8BC6662807BFCF880075F57F;
			isa = PBXBuildFile;
			settings = {
			};
		};
		8BC6662B07BFCF890075F57F = {
			fileRef = 8BC6662907BFCF880075F57F;
			isa = PBXBuildFile;
			settings = {
			};
		};
		8BC8BA0607C32D32003705C3 = {
			isa = PBXFileReference;
			lastKnownFileType = image.tiff;
			path = ActualSizeToolbarImage.tiff;
			refType = 4;
			sourceTree = "<group>";
		};
		8BC8BA0707C32D32003705C3 = {
			fileRef = 8BC8BA0607C32D32003705C3;
			isa = PBXBuildFile;
			settings = {
			};
		};
		8BD011D807A99DFB00AA4BAA = {
			fileEncoding = 30;
			isa = PBXFileReference;
			lastKnownFileType = sourcecode.c.h;
			path = CQViewController.h;
			refType = 4;
			sourceTree = "<group>";
		};
		8BD011D907A99DFB00AA4BAA = {
			fileEncoding = 30;
			isa = PBXFileReference;
			lastKnownFileType = sourcecode.c.objc;
			path = CQViewController.m;
			refType = 4;
			sourceTree = "<group>";
		};
		8BD011DA07A99DFB00AA4BAA = {
			fileRef = 8BD011D807A99DFB00AA4BAA;
			isa = PBXBuildFile;
			settings = {
			};
		};
		8BD011DB07A99DFB00AA4BAA = {
			fileRef = 8BD011D907A99DFB00AA4BAA;
			isa = PBXBuildFile;
			settings = {
			};
		};
		8BE97E2307ACD46B005D384C = {
			fileEncoding = 4;
			isa = PBXFileReference;
			lastKnownFileType = sourcecode.c.h;
			path = ToolbarDelegate.h;
			refType = 4;
			sourceTree = "<group>";
		};
		8BE97E2407ACD46B005D384C = {
			fileEncoding = 4;
			isa = PBXFileReference;
			lastKnownFileType = sourcecode.c.objc;
			path = ToolbarDelegate.m;
			refType = 4;
			sourceTree = "<group>";
		};
		8BE97E2507ACD46B005D384C = {
			fileRef = 8BE97E2307ACD46B005D384C;
			isa = PBXBuildFile;
			settings = {
			};
		};
		8BE97E2607ACD46B005D384C = {
			fileRef = 8BE97E2407ACD46B005D384C;
			isa = PBXBuildFile;
			settings = {
			};
		};
		8BF72A6307B9C986003A3C82 = {
			fileEncoding = 30;
			isa = PBXFileReference;
			lastKnownFileType = sourcecode.c.h;
			path = "NSView+Set_and_get.h";
			refType = 4;
			sourceTree = "<group>";
		};
		8BF72A6407B9C986003A3C82 = {
			fileEncoding = 30;
			isa = PBXFileReference;
			lastKnownFileType = sourcecode.c.objc;
			path = "NSView+Set_and_get.m";
			refType = 4;
			sourceTree = "<group>";
		};
		8BF72A6507B9C986003A3C82 = {
			fileRef = 8BF72A6307B9C986003A3C82;
			isa = PBXBuildFile;
			settings = {
			};
		};
		8BF72A6607B9C986003A3C82 = {
			fileRef = 8BF72A6407B9C986003A3C82;
			isa = PBXBuildFile;
			settings = {
			};
		};
		8BF72A8707B9D14C003A3C82 = {
			fileEncoding = 4;
			isa = PBXFileReference;
			lastKnownFileType = sourcecode.c.h;
			path = "NSString+FileTasks.h";
			refType = 4;
			sourceTree = "<group>";
		};
		8BF72A8807B9D14C003A3C82 = {
			fileEncoding = 4;
			isa = PBXFileReference;
			lastKnownFileType = sourcecode.c.objc;
			path = "NSString+FileTasks.m";
			refType = 4;
			sourceTree = "<group>";
		};
		8BF72A8907B9D14C003A3C82 = {
			fileRef = 8BF72A8707B9D14C003A3C82;
			isa = PBXBuildFile;
			settings = {
			};
		};
		8BF72A8A07B9D14C003A3C82 = {
			fileRef = 8BF72A8807B9D14C003A3C82;
			isa = PBXBuildFile;
			settings = {
			};
		};
		8BF72B0507B9E78F003A3C82 = {
			fileEncoding = 4;
			isa = PBXFileReference;
			lastKnownFileType = sourcecode.c.h;
			path = ViewIconViewController.h;
			refType = 4;
			sourceTree = "<group>";
		};
		8BF72B0607B9E78F003A3C82 = {
			fileEncoding = 4;
			isa = PBXFileReference;
			lastKnownFileType = sourcecode.c.objc;
			path = ViewIconViewController.m;
			refType = 4;
			sourceTree = "<group>";
		};
		8BF72B0707B9E78F003A3C82 = {
			fileRef = 8BF72B0507B9E78F003A3C82;
			isa = PBXBuildFile;
			settings = {
			};
		};
		8BF72B0807B9E790003A3C82 = {
			fileRef = 8BF72B0607B9E78F003A3C82;
			isa = PBXBuildFile;
			settings = {
			};
		};
//8B0
//8B1
//8B2
//8B3
//8B4
//8D0
//8D1
//8D2
//8D3
//8D4
		8D1107260486CEB800E47090 = {
			buildPhases = (
				8D1107290486CEB800E47090,
				8D11072C0486CEB800E47090,
				8D11072E0486CEB800E47090,
				8B6D020207CB32C0009A76DA,
			);
			buildRules = (
			);
			buildSettings = {
				GCC_GENERATE_DEBUGGING_SYMBOLS = NO;
				GCC_PRECOMPILE_PREFIX_HEADER = YES;
				GCC_PREFIX_HEADER = CQView_Prefix.pch;
				INFOPLIST_FILE = Info.plist;
				INSTALL_PATH = "$(HOME)/Applications";
				PRODUCT_NAME = CQView;
				WRAPPER_EXTENSION = app;
			};
			dependencies = (
				8B6D025607CBC6A8009A76DA,
			);
			isa = PBXNativeTarget;
			name = CQView;
			productInstallPath = "$(HOME)/Applications";
			productName = CQView;
			productReference = 8D1107320486CEB800E47090;
			productType = "com.apple.product-type.application";
		};
		8D1107290486CEB800E47090 = {
			buildActionMask = 2147483647;
			files = (
				8D11072A0486CEB800E47090,
				8D11072B0486CEB800E47090,
				8BD011DA07A99DFB00AA4BAA,
				8BE97E2507ACD46B005D384C,
				8B6FCF9A07B1E200003F0000,
				8B6FD33407B30B0F003F0000,
				8B7C0C3C07B5FEB5005DB6FF,
				8B4A5A9307B74EDC00F30E03,
				8B4A5A9507B74EDC00F30E03,
				8B5D5E2B07B8215E00957950,
				8BF72A6507B9C986003A3C82,
				8BF72A8907B9D14C003A3C82,
				8BF72B0707B9E78F003A3C82,
				8B87411107BA9D9F00EF7923,
				8B5767C307BD1CE900068A64,
				8B5767C407BD1CE900068A64,
				8B5767C507BD1CE900068A64,
				8BC6662A07BFCF880075F57F,
				8B7E79BE07C0269C00687DEE,
				8BC8BA0707C32D32003705C3,
				8B2D867407C824B500CDAFED,
				8B6D011707CB190B009A76DA,
				8B6D015607CB23A0009A76DA,
				8B6D019907CB29EF009A76DA,
				8B6D01C307CB2EA2009A76DA,
				8B6D01C907CB2EB3009A76DA,
				8B6D021107CB3312009A76DA,
				8B6D02EB07CBFC89009A76DA,
			);
			isa = PBXResourcesBuildPhase;
			runOnlyForDeploymentPostprocessing = 0;
		};
		8D11072A0486CEB800E47090 = {
			fileRef = 29B97318FDCFA39411CA2CEA;
			isa = PBXBuildFile;
			settings = {
			};
		};
		8D11072B0486CEB800E47090 = {
			fileRef = 089C165CFE840E0CC02AAC07;
			isa = PBXBuildFile;
			settings = {
			};
		};
		8D11072C0486CEB800E47090 = {
			buildActionMask = 2147483647;
			files = (
				8D11072D0486CEB800E47090,
				8BD011DB07A99DFB00AA4BAA,
				8BE97E2607ACD46B005D384C,
				8B6FCF9B07B1E200003F0000,
				8B6FD33507B30B0F003F0000,
				8B7C0C3D07B5FEB5005DB6FF,
				8B4A5A9407B74EDC00F30E03,
				8B4A5A9607B74EDC00F30E03,
				8B5D5E2C07B8215E00957950,
				8BF72A6607B9C986003A3C82,
				8BF72A8A07B9D14C003A3C82,
				8BF72B0807B9E790003A3C82,
				8B87411207BA9DA000EF7923,
				8BC6662B07BFCF890075F57F,
				8B7E79BF07C0269C00687DEE,
				8B2D867507C824B600CDAFED,
				8B6D015707CB23A0009A76DA,
				8B6D01C207CB2EA2009A76DA,
			);
			isa = PBXSourcesBuildPhase;
			runOnlyForDeploymentPostprocessing = 0;
		};
		8D11072D0486CEB800E47090 = {
			fileRef = 29B97316FDCFA39411CA2CEA;
			isa = PBXBuildFile;
			settings = {
				ATTRIBUTES = (
				);
			};
		};
		8D11072E0486CEB800E47090 = {
			buildActionMask = 2147483647;
			files = (
				8D11072F0486CEB800E47090,
			);
			isa = PBXFrameworksBuildPhase;
			runOnlyForDeploymentPostprocessing = 0;
		};
		8D11072F0486CEB800E47090 = {
			fileRef = 1058C7A1FEA54F0111CA2CBB;
			isa = PBXBuildFile;
			settings = {
			};
		};
		8D1107310486CEB800E47090 = {
			fileEncoding = 4;
			isa = PBXFileReference;
			lastKnownFileType = text.plist;
			path = Info.plist;
			refType = 4;
			sourceTree = "<group>";
		};
		8D1107320486CEB800E47090 = {
			explicitFileType = wrapper.application;
			includeInIndex = 0;
			isa = PBXFileReference;
			path = CQView.app;
			refType = 3;
			sourceTree = BUILT_PRODUCTS_DIR;
		};
	};
	rootObject = 29B97313FDCFA39411CA2CEA;
}
