// !$*UTF8*$!
{
	archiveVersion = 1;
	classes = {
	};
	objectVersion = 42;
	objects = {

/* Begin PBXBuildFile section */
		650E79E2067AB5AE00B4A4EC /* Automator.framework in Frameworks */ = {isa = PBXBuildFile; fileRef = 650E79E1067AB5AE00B4A4EC /* Automator.framework */; };
		65181752067A8D39005BD953 /* AddIcon.m in Sources */ = {isa = PBXBuildFile; fileRef = 65181750067A8D39005BD953 /* AddIcon.m */; };
		8B4DC3FC0996D76C00B58051 /* IconFamily.m in Sources */ = {isa = PBXBuildFile; fileRef = 8B4DC3F70996D76C00B58051 /* IconFamily.m */; };
		8B4DC3FD0996D76C00B58051 /* NSString+CarbonFSSpecCreation.m in Sources */ = {isa = PBXBuildFile; fileRef = 8B4DC3F90996D76C00B58051 /* NSString+CarbonFSSpecCreation.m */; };
		8B4DC3FE0996D76C00B58051 /* NSString+FileTasks.m in Sources */ = {isa = PBXBuildFile; fileRef = 8B4DC3FB0996D76C00B58051 /* NSString+FileTasks.m */; };
		8B4DC4020996D79B00B58051 /* NSObject+Invocations.m in Sources */ = {isa = PBXBuildFile; fileRef = 8B4DC4010996D79B00B58051 /* NSObject+Invocations.m */; };
		8BD1299109A2B84B009E0275 /* Panther.xcconfig in Resources */ = {isa = PBXBuildFile; fileRef = 8BD1298E09A2B84B009E0275 /* Panther.xcconfig */; };
		8BD1299209A2B84B009E0275 /* Deployment.xcconfig in Resources */ = {isa = PBXBuildFile; fileRef = 8BD1298F09A2B84B009E0275 /* Deployment.xcconfig */; };
		8BD1299309A2B84B009E0275 /* Development.xcconfig in Resources */ = {isa = PBXBuildFile; fileRef = 8BD1299009A2B84B009E0275 /* Development.xcconfig */; };
		8D5B49B0048680CD000E48DA /* InfoPlist.strings in Resources */ = {isa = PBXBuildFile; fileRef = 089C167DFE841241C02AAC07 /* InfoPlist.strings */; };
		8D5B49B4048680CD000E48DA /* Cocoa.framework in Frameworks */ = {isa = PBXBuildFile; fileRef = 1058C7ADFEA557BF11CA2CBB /* Cocoa.framework */; };
		CDD4CB180853AAC70071A1D1 /* Carbon.framework in Frameworks */ = {isa = PBXBuildFile; fileRef = CDD4CB170853AAC70071A1D1 /* Carbon.framework */; };
/* End PBXBuildFile section */

/* Begin PBXBuildStyle section */
		014CEA420018CDE011CA2923 /* Development */ = {
			isa = PBXBuildStyle;
			buildSettings = {
				COPY_PHASE_STRIP = NO;
				GCC_DYNAMIC_NO_PIC = NO;
				GCC_ENABLE_FIX_AND_CONTINUE = YES;
				GCC_GENERATE_DEBUGGING_SYMBOLS = YES;
				GCC_OPTIMIZATION_LEVEL = 0;
				PREBINDING = NO;
				ZERO_LINK = YES;
			};
			name = Development;
		};
		014CEA430018CDE011CA2923 /* Deployment */ = {
			isa = PBXBuildStyle;
			buildSettings = {
				COPY_PHASE_STRIP = YES;
				GCC_ENABLE_FIX_AND_CONTINUE = NO;
				PREBINDING = NO;
				ZERO_LINK = NO;
			};
			name = Deployment;
		};
/* End PBXBuildStyle section */

/* Begin PBXFileReference section */
		089C1672FE841209C02AAC07 /* Foundation.framework */ = {isa = PBXFileReference; lastKnownFileType = wrapper.framework; name = Foundation.framework; path = /System/Library/Frameworks/Foundation.framework; sourceTree = "<absolute>"; };
		089C167EFE841241C02AAC07 /* English */ = {isa = PBXFileReference; fileEncoding = 10; lastKnownFileType = text.plist.strings; name = English; path = English.lproj/InfoPlist.strings; sourceTree = "<group>"; };
		089C167FFE841241C02AAC07 /* AppKit.framework */ = {isa = PBXFileReference; lastKnownFileType = wrapper.framework; name = AppKit.framework; path = /System/Library/Frameworks/AppKit.framework; sourceTree = "<absolute>"; };
		1058C7ADFEA557BF11CA2CBB /* Cocoa.framework */ = {isa = PBXFileReference; lastKnownFileType = wrapper.framework; name = Cocoa.framework; path = /System/Library/Frameworks/Cocoa.framework; sourceTree = "<absolute>"; };
		32DBCF630370AF2F00C91783 /* AddIcon_Prefix.pch */ = {isa = PBXFileReference; fileEncoding = 4; lastKnownFileType = sourcecode.c.h; path = AddIcon_Prefix.pch; sourceTree = "<group>"; };
		650E79E1067AB5AE00B4A4EC /* Automator.framework */ = {isa = PBXFileReference; lastKnownFileType = wrapper.framework; name = Automator.framework; path = /System/Library/Frameworks/Automator.framework; sourceTree = "<absolute>"; };
		6518174F067A8D39005BD953 /* AddIcon.h */ = {isa = PBXFileReference; fileEncoding = 4; lastKnownFileType = sourcecode.c.h; path = AddIcon.h; sourceTree = "<group>"; };
		65181750067A8D39005BD953 /* AddIcon.m */ = {isa = PBXFileReference; fileEncoding = 4; lastKnownFileType = sourcecode.c.objc; path = AddIcon.m; sourceTree = "<group>"; };
		8B4DC3F60996D76C00B58051 /* IconFamily.h */ = {isa = PBXFileReference; fileEncoding = 30; lastKnownFileType = sourcecode.c.h; name = IconFamily.h; path = ../../Widgets/IconFamily.h; sourceTree = SOURCE_ROOT; };
		8B4DC3F70996D76C00B58051 /* IconFamily.m */ = {isa = PBXFileReference; fileEncoding = 30; lastKnownFileType = sourcecode.c.objc; name = IconFamily.m; path = ../../Widgets/IconFamily.m; sourceTree = SOURCE_ROOT; };
		8B4DC3F80996D76C00B58051 /* NSString+CarbonFSSpecCreation.h */ = {isa = PBXFileReference; fileEncoding = 30; lastKnownFileType = sourcecode.c.h; name = "NSString+CarbonFSSpecCreation.h"; path = "../../Widgets/NSString+CarbonFSSpecCreation.h"; sourceTree = SOURCE_ROOT; };
		8B4DC3F90996D76C00B58051 /* NSString+CarbonFSSpecCreation.m */ = {isa = PBXFileReference; fileEncoding = 30; lastKnownFileType = sourcecode.c.objc; name = "NSString+CarbonFSSpecCreation.m"; path = "../../Widgets/NSString+CarbonFSSpecCreation.m"; sourceTree = SOURCE_ROOT; };
		8B4DC3FA0996D76C00B58051 /* NSString+FileTasks.h */ = {isa = PBXFileReference; fileEncoding = 30; lastKnownFileType = sourcecode.c.h; name = "NSString+FileTasks.h"; path = "../../Widgets/NSString+FileTasks.h"; sourceTree = SOURCE_ROOT; };
		8B4DC3FB0996D76C00B58051 /* NSString+FileTasks.m */ = {isa = PBXFileReference; fileEncoding = 30; lastKnownFileType = sourcecode.c.objc; name = "NSString+FileTasks.m"; path = "../../Widgets/NSString+FileTasks.m"; sourceTree = SOURCE_ROOT; };
		8B4DC4000996D79B00B58051 /* NSObject+Invocations.h */ = {isa = PBXFileReference; fileEncoding = 30; lastKnownFileType = sourcecode.c.h; name = "NSObject+Invocations.h"; path = "../../NSObject+Invocations.h"; sourceTree = SOURCE_ROOT; };
		8B4DC4010996D79B00B58051 /* NSObject+Invocations.m */ = {isa = PBXFileReference; fileEncoding = 30; lastKnownFileType = sourcecode.c.objc; name = "NSObject+Invocations.m"; path = "../../NSObject+Invocations.m"; sourceTree = SOURCE_ROOT; };
		8BD1298E09A2B84B009E0275 /* Panther.xcconfig */ = {isa = PBXFileReference; fileEncoding = 30; lastKnownFileType = text.xcconfig; name = Panther.xcconfig; path = ../../config/Panther.xcconfig; sourceTree = SOURCE_ROOT; };
		8BD1298F09A2B84B009E0275 /* Deployment.xcconfig */ = {isa = PBXFileReference; fileEncoding = 30; lastKnownFileType = text.xcconfig; name = Deployment.xcconfig; path = ../../config/Deployment.xcconfig; sourceTree = SOURCE_ROOT; };
		8BD1299009A2B84B009E0275 /* Development.xcconfig */ = {isa = PBXFileReference; fileEncoding = 30; lastKnownFileType = text.xcconfig; name = Development.xcconfig; path = ../../config/Development.xcconfig; sourceTree = SOURCE_ROOT; };
		8D5B49B6048680CD000E48DA /* AddIcon.action */ = {isa = PBXFileReference; explicitFileType = wrapper.cfbundle; includeInIndex = 0; path = AddIcon.action; sourceTree = BUILT_PRODUCTS_DIR; };
		8D5B49B7048680CD000E48DA /* Info.plist */ = {isa = PBXFileReference; fileEncoding = 4; lastKnownFileType = text.xml; path = Info.plist; sourceTree = "<group>"; };
		CD26701B08610B4900432EF1 /* Japanese */ = {isa = PBXFileReference; lastKnownFileType = text.plist.strings; name = Japanese; path = Japanese.lproj/InfoPlist.strings; sourceTree = "<group>"; };
		CDD4CB170853AAC70071A1D1 /* Carbon.framework */ = {isa = PBXFileReference; lastKnownFileType = wrapper.framework; name = Carbon.framework; path = /System/Library/Frameworks/Carbon.framework; sourceTree = "<absolute>"; };
/* End PBXFileReference section */

/* Begin PBXFrameworksBuildPhase section */
		8D5B49B3048680CD000E48DA /* Frameworks */ = {
			isa = PBXFrameworksBuildPhase;
			buildActionMask = 2147483647;
			files = (
				8D5B49B4048680CD000E48DA /* Cocoa.framework in Frameworks */,
				650E79E2067AB5AE00B4A4EC /* Automator.framework in Frameworks */,
				CDD4CB180853AAC70071A1D1 /* Carbon.framework in Frameworks */,
			);
			runOnlyForDeploymentPostprocessing = 0;
		};
/* End PBXFrameworksBuildPhase section */

/* Begin PBXGroup section */
		089C166AFE841209C02AAC07 /* AddIcon */ = {
			isa = PBXGroup;
			children = (
				8BD1298D09A2B84B009E0275 /* Config */,
				08FB77AFFE84173DC02AAC07 /* Classes */,
				32C88E010371C26100C91783 /* Other Sources */,
				089C167CFE841241C02AAC07 /* Resources */,
				089C1671FE841209C02AAC07 /* Frameworks and Libraries */,
				19C28FB8FE9D52D311CA2CBB /* Products */,
			);
			name = AddIcon;
			sourceTree = "<group>";
		};
		089C1671FE841209C02AAC07 /* Frameworks and Libraries */ = {
			isa = PBXGroup;
			children = (
				1058C7ACFEA557BF11CA2CBB /* Linked Frameworks */,
				1058C7AEFEA557BF11CA2CBB /* Other Frameworks */,
			);
			name = "Frameworks and Libraries";
			sourceTree = "<group>";
		};
		089C167CFE841241C02AAC07 /* Resources */ = {
			isa = PBXGroup;
			children = (
				8D5B49B7048680CD000E48DA /* Info.plist */,
				089C167DFE841241C02AAC07 /* InfoPlist.strings */,
			);
			name = Resources;
			sourceTree = "<group>";
		};
		08FB77AFFE84173DC02AAC07 /* Classes */ = {
			isa = PBXGroup;
			children = (
				8B4DC4000996D79B00B58051 /* NSObject+Invocations.h */,
				8B4DC4010996D79B00B58051 /* NSObject+Invocations.m */,
				8B4DC3F60996D76C00B58051 /* IconFamily.h */,
				8B4DC3F70996D76C00B58051 /* IconFamily.m */,
				8B4DC3F80996D76C00B58051 /* NSString+CarbonFSSpecCreation.h */,
				8B4DC3F90996D76C00B58051 /* NSString+CarbonFSSpecCreation.m */,
				8B4DC3FA0996D76C00B58051 /* NSString+FileTasks.h */,
				8B4DC3FB0996D76C00B58051 /* NSString+FileTasks.m */,
				6518174F067A8D39005BD953 /* AddIcon.h */,
				65181750067A8D39005BD953 /* AddIcon.m */,
			);
			name = Classes;
			sourceTree = "<group>";
		};
		1058C7ACFEA557BF11CA2CBB /* Linked Frameworks */ = {
			isa = PBXGroup;
			children = (
				CDD4CB170853AAC70071A1D1 /* Carbon.framework */,
				1058C7ADFEA557BF11CA2CBB /* Cocoa.framework */,
				650E79E1067AB5AE00B4A4EC /* Automator.framework */,
			);
			name = "Linked Frameworks";
			sourceTree = "<group>";
		};
		1058C7AEFEA557BF11CA2CBB /* Other Frameworks */ = {
			isa = PBXGroup;
			children = (
				089C1672FE841209C02AAC07 /* Foundation.framework */,
				089C167FFE841241C02AAC07 /* AppKit.framework */,
			);
			name = "Other Frameworks";
			sourceTree = "<group>";
		};
		19C28FB8FE9D52D311CA2CBB /* Products */ = {
			isa = PBXGroup;
			children = (
				8D5B49B6048680CD000E48DA /* AddIcon.action */,
			);
			name = Products;
			sourceTree = "<group>";
		};
		32C88E010371C26100C91783 /* Other Sources */ = {
			isa = PBXGroup;
			children = (
				32DBCF630370AF2F00C91783 /* AddIcon_Prefix.pch */,
			);
			name = "Other Sources";
			sourceTree = "<group>";
		};
		8BD1298D09A2B84B009E0275 /* Config */ = {
			isa = PBXGroup;
			children = (
				8BD1298E09A2B84B009E0275 /* Panther.xcconfig */,
				8BD1298F09A2B84B009E0275 /* Deployment.xcconfig */,
				8BD1299009A2B84B009E0275 /* Development.xcconfig */,
			);
			name = Config;
			sourceTree = "<group>";
		};
/* End PBXGroup section */

/* Begin PBXNativeTarget section */
		8D5B49AC048680CD000E48DA /* AddIcon */ = {
			isa = PBXNativeTarget;
			buildConfigurationList = 8B4DC3EA0996D73000B58051 /* Build configuration list for PBXNativeTarget "AddIcon" */;
			buildPhases = (
				8D5B49AF048680CD000E48DA /* Resources */,
				8D5B49B1048680CD000E48DA /* Sources */,
				8D5B49B3048680CD000E48DA /* Frameworks */,
			);
			buildRules = (
			);
			buildSettings = {
				GCC_GENERATE_DEBUGGING_SYMBOLS = NO;
				GCC_PRECOMPILE_PREFIX_HEADER = YES;
				GCC_PREFIX_HEADER = AddIcon_Prefix.pch;
				GCC_WARN_ABOUT_RETURN_TYPE = YES;
				GCC_WARN_UNUSED_VARIABLE = YES;
				INFOPLIST_FILE = Info.plist;
				INSTALL_PATH = "$(HOME)/Library/Automator";
				OTHER_OSAFLAGS = "-x -t 0 -c 0";
				PREBINDING = NO;
				PRODUCT_NAME = AddIcon;
				SYMROOT = ../../build;
				WRAPPER_EXTENSION = action;
			};
			dependencies = (
			);
			name = AddIcon;
			productInstallPath = "$(HOME)/Library/Bundles";
			productName = AddIcon;
			productReference = 8D5B49B6048680CD000E48DA /* AddIcon.action */;
			productType = "com.apple.product-type.bundle";
		};
/* End PBXNativeTarget section */

/* Begin PBXProject section */
		089C1669FE841209C02AAC07 /* Project object */ = {
			isa = PBXProject;
			buildConfigurationList = 8B4DC3EE0996D73000B58051 /* Build configuration list for PBXProject "AddIcon" */;
			buildSettings = {
			};
			buildStyles = (
				014CEA420018CDE011CA2923 /* Development */,
				014CEA430018CDE011CA2923 /* Deployment */,
			);
			hasScannedForEncodings = 1;
			mainGroup = 089C166AFE841209C02AAC07 /* AddIcon */;
			projectDirPath = "";
			targets = (
				8D5B49AC048680CD000E48DA /* AddIcon */,
			);
		};
/* End PBXProject section */

/* Begin PBXResourcesBuildPhase section */
		8D5B49AF048680CD000E48DA /* Resources */ = {
			isa = PBXResourcesBuildPhase;
			buildActionMask = 2147483647;
			files = (
				8D5B49B0048680CD000E48DA /* InfoPlist.strings in Resources */,
				8BD1299109A2B84B009E0275 /* Panther.xcconfig in Resources */,
				8BD1299209A2B84B009E0275 /* Deployment.xcconfig in Resources */,
				8BD1299309A2B84B009E0275 /* Development.xcconfig in Resources */,
			);
			runOnlyForDeploymentPostprocessing = 0;
		};
/* End PBXResourcesBuildPhase section */

/* Begin PBXSourcesBuildPhase section */
		8D5B49B1048680CD000E48DA /* Sources */ = {
			isa = PBXSourcesBuildPhase;
			buildActionMask = 2147483647;
			files = (
				65181752067A8D39005BD953 /* AddIcon.m in Sources */,
				8B4DC3FC0996D76C00B58051 /* IconFamily.m in Sources */,
				8B4DC3FD0996D76C00B58051 /* NSString+CarbonFSSpecCreation.m in Sources */,
				8B4DC3FE0996D76C00B58051 /* NSString+FileTasks.m in Sources */,
				8B4DC4020996D79B00B58051 /* NSObject+Invocations.m in Sources */,
			);
			runOnlyForDeploymentPostprocessing = 0;
		};
/* End PBXSourcesBuildPhase section */

/* Begin PBXVariantGroup section */
		089C167DFE841241C02AAC07 /* InfoPlist.strings */ = {
			isa = PBXVariantGroup;
			children = (
				089C167EFE841241C02AAC07 /* English */,
				CD26701B08610B4900432EF1 /* Japanese */,
			);
			name = InfoPlist.strings;
			sourceTree = "<group>";
		};
/* End PBXVariantGroup section */

/* Begin XCBuildConfiguration section */
		8B4DC3EB0996D73000B58051 /* Development */ = {
			isa = XCBuildConfiguration;
			buildSettings = {
				COPY_PHASE_STRIP = NO;
				GCC_DYNAMIC_NO_PIC = NO;
				GCC_ENABLE_FIX_AND_CONTINUE = YES;
				GCC_GENERATE_DEBUGGING_SYMBOLS = YES;
				GCC_OPTIMIZATION_LEVEL = 0;
				GCC_PRECOMPILE_PREFIX_HEADER = YES;
				GCC_PREFIX_HEADER = AddIcon_Prefix.pch;
				GCC_WARN_ABOUT_RETURN_TYPE = YES;
				GCC_WARN_UNUSED_VARIABLE = YES;
				INFOPLIST_FILE = Info.plist;
				INSTALL_PATH = "$(HOME)/Library/Automator";
				OTHER_OSAFLAGS = "-x -t 0 -c 0";
				PREBINDING = NO;
				PRODUCT_NAME = AddIcon;
				SYMROOT = ../../build;
				WRAPPER_EXTENSION = action;
				ZERO_LINK = YES;
			};
			name = Development;
		};
		8B4DC3EC0996D73000B58051 /* Deployment */ = {
			isa = XCBuildConfiguration;
			buildSettings = {
				COPY_PHASE_STRIP = YES;
				GCC_ENABLE_FIX_AND_CONTINUE = NO;
				GCC_GENERATE_DEBUGGING_SYMBOLS = NO;
				GCC_PRECOMPILE_PREFIX_HEADER = YES;
				GCC_PREFIX_HEADER = AddIcon_Prefix.pch;
				GCC_WARN_ABOUT_RETURN_TYPE = YES;
				GCC_WARN_UNUSED_VARIABLE = YES;
				INFOPLIST_FILE = Info.plist;
				INSTALL_PATH = "$(HOME)/Library/Automator";
				OTHER_OSAFLAGS = "-x -t 0 -c 0";
				PREBINDING = NO;
				PRODUCT_NAME = AddIcon;
				SYMROOT = ../../build;
				WRAPPER_EXTENSION = action;
				ZERO_LINK = NO;
			};
			name = Deployment;
		};
		8B4DC3ED0996D73000B58051 /* Default */ = {
			isa = XCBuildConfiguration;
			buildSettings = {
				GCC_GENERATE_DEBUGGING_SYMBOLS = NO;
				GCC_PRECOMPILE_PREFIX_HEADER = YES;
				GCC_PREFIX_HEADER = AddIcon_Prefix.pch;
				GCC_WARN_ABOUT_RETURN_TYPE = YES;
				GCC_WARN_UNUSED_VARIABLE = YES;
				INFOPLIST_FILE = Info.plist;
				INSTALL_PATH = "$(HOME)/Library/Automator";
				OTHER_OSAFLAGS = "-x -t 0 -c 0";
				PREBINDING = NO;
				PRODUCT_NAME = AddIcon;
				SYMROOT = ../../build;
				WRAPPER_EXTENSION = action;
			};
			name = Default;
		};
		8B4DC3EF0996D73000B58051 /* Development */ = {
			isa = XCBuildConfiguration;
			baseConfigurationReference = 8BD1299009A2B84B009E0275 /* Development.xcconfig */;
			buildSettings = {
			};
			name = Development;
		};
		8B4DC3F00996D73000B58051 /* Deployment */ = {
			isa = XCBuildConfiguration;
			baseConfigurationReference = 8BD1298F09A2B84B009E0275 /* Deployment.xcconfig */;
			buildSettings = {
			};
			name = Deployment;
		};
		8B4DC3F10996D73000B58051 /* Default */ = {
			isa = XCBuildConfiguration;
			buildSettings = {
				ARCHS = (
					ppc,
					i386,
				);
				SDKROOT = /Developer/SDKs/MacOSX10.4u.sdk;
			};
			name = Default;
		};
		8BD1299909A2B9B1009E0275 /* Panther */ = {
			isa = XCBuildConfiguration;
			buildSettings = {
				GCC_GENERATE_DEBUGGING_SYMBOLS = NO;
				GCC_PRECOMPILE_PREFIX_HEADER = YES;
				GCC_PREFIX_HEADER = AddIcon_Prefix.pch;
				GCC_WARN_ABOUT_RETURN_TYPE = YES;
				GCC_WARN_UNUSED_VARIABLE = YES;
				INFOPLIST_FILE = Info.plist;
				INSTALL_PATH = "$(HOME)/Library/Automator";
				OTHER_OSAFLAGS = "-x -t 0 -c 0";
				PREBINDING = NO;
				PRODUCT_NAME = AddIcon;
				SYMROOT = ../../build;
				WRAPPER_EXTENSION = action;
			};
			name = Panther;
		};
		8BD1299A09A2B9B1009E0275 /* Panther */ = {
			isa = XCBuildConfiguration;
			baseConfigurationReference = 8BD1298E09A2B84B009E0275 /* Panther.xcconfig */;
			buildSettings = {
			};
			name = Panther;
		};
/* End XCBuildConfiguration section */

/* Begin XCConfigurationList section */
		8B4DC3EA0996D73000B58051 /* Build configuration list for PBXNativeTarget "AddIcon" */ = {
			isa = XCConfigurationList;
			buildConfigurations = (
				8B4DC3EB0996D73000B58051 /* Development */,
				8B4DC3EC0996D73000B58051 /* Deployment */,
				8B4DC3ED0996D73000B58051 /* Default */,
				8BD1299909A2B9B1009E0275 /* Panther */,
			);
			defaultConfigurationIsVisible = 0;
			defaultConfigurationName = Default;
		};
		8B4DC3EE0996D73000B58051 /* Build configuration list for PBXProject "AddIcon" */ = {
			isa = XCConfigurationList;
			buildConfigurations = (
				8B4DC3EF0996D73000B58051 /* Development */,
				8B4DC3F00996D73000B58051 /* Deployment */,
				8B4DC3F10996D73000B58051 /* Default */,
				8BD1299A09A2B9B1009E0275 /* Panther */,
			);
			defaultConfigurationIsVisible = 0;
			defaultConfigurationName = Default;
		};
/* End XCConfigurationList section */
	};
	rootObject = 089C1669FE841209C02AAC07 /* Project object */;
}
